// !$*UTF8*$!
{
	archiveVersion = 1;
	classes = {
	};
	objectVersion = 50;
	objects = {

/* Begin PBXBuildFile section */
		D605CC7324B1CADD00C2DA6D /* IntentHandler.swift in Sources */ = {isa = PBXBuildFile; fileRef = D605CC7224B1CADD00C2DA6D /* IntentHandler.swift */; };
		D605CC7724B1CADE00C2DA6D /* DogWidgetGalleryIntentHandler.appex in Embed App Extensions */ = {isa = PBXBuildFile; fileRef = D605CC7024B1CADD00C2DA6D /* DogWidgetGalleryIntentHandler.appex */; settings = {ATTRIBUTES = (RemoveHeadersOnCopy, ); }; };
		D605CC7D24B1CB2D00C2DA6D /* DynamicDogBreedSelection.intentdefinition in Sources */ = {isa = PBXBuildFile; fileRef = D605CC7B24B1CB2D00C2DA6D /* DynamicDogBreedSelection.intentdefinition */; };
		D605CC8124B1CD1D00C2DA6D /* String+.swift in Sources */ = {isa = PBXBuildFile; fileRef = D636CC3724B06424008B5685 /* String+.swift */; };
		D605CC8224B1CD1D00C2DA6D /* SharedTypes.swift in Sources */ = {isa = PBXBuildFile; fileRef = D636CC6024B10DCD008B5685 /* SharedTypes.swift */; };
		D605CC8324B1CD1D00C2DA6D /* SharedVariables.swift in Sources */ = {isa = PBXBuildFile; fileRef = D636CC6324B10DF4008B5685 /* SharedVariables.swift */; };
		D605CC8424B1CD1D00C2DA6D /* StrokeText.swift in Sources */ = {isa = PBXBuildFile; fileRef = D636CC6724B118A9008B5685 /* StrokeText.swift */; };
		D605CC8624B1D20E00C2DA6D /* DynamicDogBreedSelection.intentdefinition in Sources */ = {isa = PBXBuildFile; fileRef = D605CC7B24B1CB2D00C2DA6D /* DynamicDogBreedSelection.intentdefinition */; };
		D605CC8924B26E2100C2DA6D /* Breed.swift in Sources */ = {isa = PBXBuildFile; fileRef = D6B2CCBF24B00C3400C6B27C /* Breed.swift */; };
		D636CC3824B06424008B5685 /* String+.swift in Sources */ = {isa = PBXBuildFile; fileRef = D636CC3724B06424008B5685 /* String+.swift */; };
		D636CC4024B06756008B5685 /* WidgetKit.framework in Frameworks */ = {isa = PBXBuildFile; fileRef = D636CC3F24B06756008B5685 /* WidgetKit.framework */; };
		D636CC4224B06756008B5685 /* SwiftUI.framework in Frameworks */ = {isa = PBXBuildFile; fileRef = D636CC4124B06756008B5685 /* SwiftUI.framework */; };
		D636CC4524B06756008B5685 /* DogGalleryWidget.swift in Sources */ = {isa = PBXBuildFile; fileRef = D636CC4424B06756008B5685 /* DogGalleryWidget.swift */; };
		D636CC4724B06756008B5685 /* Assets.xcassets in Resources */ = {isa = PBXBuildFile; fileRef = D636CC4624B06756008B5685 /* Assets.xcassets */; };
		D636CC4B24B06756008B5685 /* AnimalGalleryWidgetExtension.appex in Embed App Extensions */ = {isa = PBXBuildFile; fileRef = D636CC3D24B06756008B5685 /* AnimalGalleryWidgetExtension.appex */; settings = {ATTRIBUTES = (RemoveHeadersOnCopy, ); }; };
		D636CC5024B0685C008B5685 /* AnimalImage.swift in Sources */ = {isa = PBXBuildFile; fileRef = D6B2CCBE24B00C3400C6B27C /* AnimalImage.swift */; };
		D636CC5724B06886008B5685 /* HTTPClient.swift in Sources */ = {isa = PBXBuildFile; fileRef = D6B2CCD224B00C7900C6B27C /* HTTPClient.swift */; };
		D636CC5924B06886008B5685 /* URLSessionHTTPClient.swift in Sources */ = {isa = PBXBuildFile; fileRef = D6B2CCD124B00C7900C6B27C /* URLSessionHTTPClient.swift */; };
		D636CC5B24B068A4008B5685 /* Breed.swift in Sources */ = {isa = PBXBuildFile; fileRef = D6B2CCBF24B00C3400C6B27C /* Breed.swift */; };
		D636CC5E24B06F7A008B5685 /* DogImageLoader.swift in Sources */ = {isa = PBXBuildFile; fileRef = D636CC5C24B068CD008B5685 /* DogImageLoader.swift */; };
		D636CC6124B10DCD008B5685 /* SharedTypes.swift in Sources */ = {isa = PBXBuildFile; fileRef = D636CC6024B10DCD008B5685 /* SharedTypes.swift */; };
		D636CC6224B10DE1008B5685 /* SharedTypes.swift in Sources */ = {isa = PBXBuildFile; fileRef = D636CC6024B10DCD008B5685 /* SharedTypes.swift */; };
		D636CC6424B10DF4008B5685 /* SharedVariables.swift in Sources */ = {isa = PBXBuildFile; fileRef = D636CC6324B10DF4008B5685 /* SharedVariables.swift */; };
		D636CC6524B10E12008B5685 /* SharedVariables.swift in Sources */ = {isa = PBXBuildFile; fileRef = D636CC6324B10DF4008B5685 /* SharedVariables.swift */; };
		D636CC6624B110BE008B5685 /* String+.swift in Sources */ = {isa = PBXBuildFile; fileRef = D636CC3724B06424008B5685 /* String+.swift */; };
		D636CC6824B118A9008B5685 /* StrokeText.swift in Sources */ = {isa = PBXBuildFile; fileRef = D636CC6724B118A9008B5685 /* StrokeText.swift */; };
		D636CC6924B11955008B5685 /* StrokeText.swift in Sources */ = {isa = PBXBuildFile; fileRef = D636CC6724B118A9008B5685 /* StrokeText.swift */; };
		D636CC6C24B15033008B5685 /* LeftTimeTextView.swift in Sources */ = {isa = PBXBuildFile; fileRef = D636CC6A24B14F60008B5685 /* LeftTimeTextView.swift */; };
		D63C455724B019B800A0E152 /* DIContainer.swift in Sources */ = {isa = PBXBuildFile; fileRef = D63C455624B019B700A0E152 /* DIContainer.swift */; };
		D63C456B24B034DD00A0E152 /* AnimalImageView.swift in Sources */ = {isa = PBXBuildFile; fileRef = D63C456A24B034DD00A0E152 /* AnimalImageView.swift */; };
		D63C456D24B03CD000A0E152 /* AnimalImageGridView.swift in Sources */ = {isa = PBXBuildFile; fileRef = D63C456C24B03CD000A0E152 /* AnimalImageGridView.swift */; };
		D669BA6324B6AB7A00FCB69A /* dog.mp3 in Resources */ = {isa = PBXBuildFile; fileRef = D669BA6124B6AB7900FCB69A /* dog.mp3 */; };
		D669BA6424B6AB7A00FCB69A /* cat.mp3 in Resources */ = {isa = PBXBuildFile; fileRef = D669BA6224B6AB7900FCB69A /* cat.mp3 */; };
		D669BA6624B6B7FC00FCB69A /* RootView.swift in Sources */ = {isa = PBXBuildFile; fileRef = D669BA6524B6B7FC00FCB69A /* RootView.swift */; };
		D669BA6824B6B88900FCB69A /* AnimalType.swift in Sources */ = {isa = PBXBuildFile; fileRef = D669BA6724B6B88900FCB69A /* AnimalType.swift */; };
		D669BA6924B6B88900FCB69A /* AnimalType.swift in Sources */ = {isa = PBXBuildFile; fileRef = D669BA6724B6B88900FCB69A /* AnimalType.swift */; };
		D669BA6B24B6BF8C00FCB69A /* CatBreedListLoader.swift in Sources */ = {isa = PBXBuildFile; fileRef = D669BA6A24B6BF8C00FCB69A /* CatBreedListLoader.swift */; };
		D669BA6E24B6D24D00FCB69A /* DogBreedListLoader.swift in Sources */ = {isa = PBXBuildFile; fileRef = D6B2CCC424B00C6C00C6B27C /* DogBreedListLoader.swift */; };
		D669BA6F24B6D25100FCB69A /* CatBreedListLoader.swift in Sources */ = {isa = PBXBuildFile; fileRef = D669BA6A24B6BF8C00FCB69A /* CatBreedListLoader.swift */; };
		D669BA7224B6D2BE00FCB69A /* URLSessionHTTPClient.swift in Sources */ = {isa = PBXBuildFile; fileRef = D6B2CCD124B00C7900C6B27C /* URLSessionHTTPClient.swift */; };
		D669BA7324B6D2BE00FCB69A /* HTTPClient.swift in Sources */ = {isa = PBXBuildFile; fileRef = D6B2CCD224B00C7900C6B27C /* HTTPClient.swift */; };
		D669BA7724B6D44C00FCB69A /* AnimalImage.swift in Sources */ = {isa = PBXBuildFile; fileRef = D6B2CCBE24B00C3400C6B27C /* AnimalImage.swift */; };
		D669BA7824B6E0ED00FCB69A /* DogBreedListLoader.swift in Sources */ = {isa = PBXBuildFile; fileRef = D6B2CCC424B00C6C00C6B27C /* DogBreedListLoader.swift */; };
		D669BA7924B6E0F100FCB69A /* CatBreedListLoader.swift in Sources */ = {isa = PBXBuildFile; fileRef = D669BA6A24B6BF8C00FCB69A /* CatBreedListLoader.swift */; };
		D669BA7D24B6E2AA00FCB69A /* ImageDataWebLoader.swift in Sources */ = {isa = PBXBuildFile; fileRef = D6B2CCC324B00C6C00C6B27C /* ImageDataWebLoader.swift */; };
		D669BA7E24B6E2AB00FCB69A /* ImageDataWebLoader.swift in Sources */ = {isa = PBXBuildFile; fileRef = D6B2CCC324B00C6C00C6B27C /* ImageDataWebLoader.swift */; };
		D669BA7F24B6E3DE00FCB69A /* ImageDataLoader.swift in Sources */ = {isa = PBXBuildFile; fileRef = D6B2CCC724B00C6C00C6B27C /* ImageDataLoader.swift */; };
		D669BA8024B6E3DF00FCB69A /* ImageDataLoader.swift in Sources */ = {isa = PBXBuildFile; fileRef = D6B2CCC724B00C6C00C6B27C /* ImageDataLoader.swift */; };
		D67B138824B5073400A37BA9 /* CatGalleryWidget.swift in Sources */ = {isa = PBXBuildFile; fileRef = D67B138724B5073400A37BA9 /* CatGalleryWidget.swift */; };
		D67B138C24B5084D00A37BA9 /* CatImageLoader.swift in Sources */ = {isa = PBXBuildFile; fileRef = D67B138B24B5084D00A37BA9 /* CatImageLoader.swift */; };
		D67B565B24B7C86A00FAD694 /* BubbleBackground.swift in Sources */ = {isa = PBXBuildFile; fileRef = D67B565A24B7C86A00FAD694 /* BubbleBackground.swift */; };
		D67B565D24B7C89A00FAD694 /* BubbleView.swift in Sources */ = {isa = PBXBuildFile; fileRef = D67B565C24B7C89A00FAD694 /* BubbleView.swift */; };
		D67B566024B7DE1D00FAD694 /* DynamicCatBreedSelection.intentdefinition in Sources */ = {isa = PBXBuildFile; fileRef = D67B565E24B7DE1D00FAD694 /* DynamicCatBreedSelection.intentdefinition */; };
		D67B566D24B7EC6A00FAD694 /* IntentHandler.swift in Sources */ = {isa = PBXBuildFile; fileRef = D67B566C24B7EC6A00FAD694 /* IntentHandler.swift */; };
		D67B567124B7EC6A00FAD694 /* CatGalleryWidgetIntentHandler.appex in Embed App Extensions */ = {isa = PBXBuildFile; fileRef = D67B566A24B7EC6A00FAD694 /* CatGalleryWidgetIntentHandler.appex */; settings = {ATTRIBUTES = (RemoveHeadersOnCopy, ); }; };
		D67B567524B7ECBC00FAD694 /* DynamicCatBreedSelection.intentdefinition in Sources */ = {isa = PBXBuildFile; fileRef = D67B565E24B7DE1D00FAD694 /* DynamicCatBreedSelection.intentdefinition */; };
		D67B567624B7ED0900FAD694 /* DogBreedListLoader.swift in Sources */ = {isa = PBXBuildFile; fileRef = D6B2CCC424B00C6C00C6B27C /* DogBreedListLoader.swift */; };
		D67B567824B7ED0900FAD694 /* CatBreedListLoader.swift in Sources */ = {isa = PBXBuildFile; fileRef = D669BA6A24B6BF8C00FCB69A /* CatBreedListLoader.swift */; };
		D67B567A24B7ED0900FAD694 /* ImageDataLoader.swift in Sources */ = {isa = PBXBuildFile; fileRef = D6B2CCC724B00C6C00C6B27C /* ImageDataLoader.swift */; };
		D67B567C24B7ED0900FAD694 /* ImageDataWebLoader.swift in Sources */ = {isa = PBXBuildFile; fileRef = D6B2CCC324B00C6C00C6B27C /* ImageDataWebLoader.swift */; };
		D67B567D24B7ED0D00FAD694 /* URLSessionHTTPClient.swift in Sources */ = {isa = PBXBuildFile; fileRef = D6B2CCD124B00C7900C6B27C /* URLSessionHTTPClient.swift */; };
		D67B567F24B7ED0D00FAD694 /* HTTPClient.swift in Sources */ = {isa = PBXBuildFile; fileRef = D6B2CCD224B00C7900C6B27C /* HTTPClient.swift */; };
		D67B568124B7ED1800FAD694 /* AnimalImage.swift in Sources */ = {isa = PBXBuildFile; fileRef = D6B2CCBE24B00C3400C6B27C /* AnimalImage.swift */; };
		D67B568224B7ED1800FAD694 /* Breed.swift in Sources */ = {isa = PBXBuildFile; fileRef = D6B2CCBF24B00C3400C6B27C /* Breed.swift */; };
		D67B568324B7ED1800FAD694 /* AnimalType.swift in Sources */ = {isa = PBXBuildFile; fileRef = D669BA6724B6B88900FCB69A /* AnimalType.swift */; };
		D67B568424B7ED2000FAD694 /* SharedTypes.swift in Sources */ = {isa = PBXBuildFile; fileRef = D636CC6024B10DCD008B5685 /* SharedTypes.swift */; };
		D67B568524B7ED2800FAD694 /* SharedVariables.swift in Sources */ = {isa = PBXBuildFile; fileRef = D636CC6324B10DF4008B5685 /* SharedVariables.swift */; };
		D67B568624B7ED2F00FAD694 /* String+.swift in Sources */ = {isa = PBXBuildFile; fileRef = D636CC3724B06424008B5685 /* String+.swift */; };
		D67B568924B7ED6A00FAD694 /* CatImageTimeline.swift in Sources */ = {isa = PBXBuildFile; fileRef = D67B568724B7ED6A00FAD694 /* CatImageTimeline.swift */; };
		D687BBFB24FB4863000A6401 /* RemoteListLoader.swift in Sources */ = {isa = PBXBuildFile; fileRef = D687BBFA24FB4863000A6401 /* RemoteListLoader.swift */; };
		D687BBFC24FB4889000A6401 /* RemoteListLoader.swift in Sources */ = {isa = PBXBuildFile; fileRef = D687BBFA24FB4863000A6401 /* RemoteListLoader.swift */; };
		D687BBFD24FB488B000A6401 /* RemoteListLoader.swift in Sources */ = {isa = PBXBuildFile; fileRef = D687BBFA24FB4863000A6401 /* RemoteListLoader.swift */; };
		D687BBFE24FB488C000A6401 /* RemoteListLoader.swift in Sources */ = {isa = PBXBuildFile; fileRef = D687BBFA24FB4863000A6401 /* RemoteListLoader.swift */; };
		D6982E6424B656FB0037305E /* ImageEntry.swift in Sources */ = {isa = PBXBuildFile; fileRef = D6982E6324B656FB0037305E /* ImageEntry.swift */; };
		D6982E6624B659290037305E /* DogImageTimeline.swift in Sources */ = {isa = PBXBuildFile; fileRef = D6982E6524B659290037305E /* DogImageTimeline.swift */; };
		D6982E6824B65C3A0037305E /* WidgetEntryView.swift in Sources */ = {isa = PBXBuildFile; fileRef = D6982E6724B65C3A0037305E /* WidgetEntryView.swift */; };
		D6982E6A24B65CDC0037305E /* AnimalBundle.swift in Sources */ = {isa = PBXBuildFile; fileRef = D6982E6924B65CDC0037305E /* AnimalBundle.swift */; };
		D6982E6C24B65D3A0037305E /* WidgetImage.swift in Sources */ = {isa = PBXBuildFile; fileRef = D6982E6B24B65D3A0037305E /* WidgetImage.swift */; };
		D6B2CCAF24B00BF000C6B27C /* AnimalGalleryApp.swift in Sources */ = {isa = PBXBuildFile; fileRef = D6B2CCAE24B00BF000C6B27C /* AnimalGalleryApp.swift */; };
		D6B2CCB324B00BF100C6B27C /* Assets.xcassets in Resources */ = {isa = PBXBuildFile; fileRef = D6B2CCB224B00BF100C6B27C /* Assets.xcassets */; };
		D6B2CCB624B00BF100C6B27C /* Preview Assets.xcassets in Resources */ = {isa = PBXBuildFile; fileRef = D6B2CCB524B00BF100C6B27C /* Preview Assets.xcassets */; };
		D6B2CCC024B00C3400C6B27C /* AnimalImage.swift in Sources */ = {isa = PBXBuildFile; fileRef = D6B2CCBE24B00C3400C6B27C /* AnimalImage.swift */; };
		D6B2CCC124B00C3400C6B27C /* Breed.swift in Sources */ = {isa = PBXBuildFile; fileRef = D6B2CCBF24B00C3400C6B27C /* Breed.swift */; };
		D6B2CCC924B00C6C00C6B27C /* ImageDataWebLoader.swift in Sources */ = {isa = PBXBuildFile; fileRef = D6B2CCC324B00C6C00C6B27C /* ImageDataWebLoader.swift */; };
		D6B2CCCA24B00C6C00C6B27C /* DogBreedListLoader.swift in Sources */ = {isa = PBXBuildFile; fileRef = D6B2CCC424B00C6C00C6B27C /* DogBreedListLoader.swift */; };
		D6B2CCCD24B00C6C00C6B27C /* ImageDataLoader.swift in Sources */ = {isa = PBXBuildFile; fileRef = D6B2CCC724B00C6C00C6B27C /* ImageDataLoader.swift */; };
		D6B2CCD524B00C7900C6B27C /* URLSessionHTTPClient.swift in Sources */ = {isa = PBXBuildFile; fileRef = D6B2CCD124B00C7900C6B27C /* URLSessionHTTPClient.swift */; };
		D6B2CCD624B00C7900C6B27C /* HTTPClient.swift in Sources */ = {isa = PBXBuildFile; fileRef = D6B2CCD224B00C7900C6B27C /* HTTPClient.swift */; };
		D6B2CCDA24B0114C00C6B27C /* BreedListView.swift in Sources */ = {isa = PBXBuildFile; fileRef = D6B2CCD924B0114C00C6B27C /* BreedListView.swift */; };
		D6B2CCDC24B011C000C6B27C /* BreedRow.swift in Sources */ = {isa = PBXBuildFile; fileRef = D6B2CCDB24B011C000C6B27C /* BreedRow.swift */; };
		D6F1658C24D61541001D107D /* RedactingView.swift in Sources */ = {isa = PBXBuildFile; fileRef = D6F1658B24D61541001D107D /* RedactingView.swift */; };
		D6FDB64624FC3CD2001963B0 /* RemoteImageListLoader.swift in Sources */ = {isa = PBXBuildFile; fileRef = D6FDB64524FC3CD2001963B0 /* RemoteImageListLoader.swift */; };
		D6FDB64724FC3F44001963B0 /* RemoteImageListLoader.swift in Sources */ = {isa = PBXBuildFile; fileRef = D6FDB64524FC3CD2001963B0 /* RemoteImageListLoader.swift */; };
		D6FDB64824FC3F45001963B0 /* RemoteImageListLoader.swift in Sources */ = {isa = PBXBuildFile; fileRef = D6FDB64524FC3CD2001963B0 /* RemoteImageListLoader.swift */; };
		D6FDB64924FC3F45001963B0 /* RemoteImageListLoader.swift in Sources */ = {isa = PBXBuildFile; fileRef = D6FDB64524FC3CD2001963B0 /* RemoteImageListLoader.swift */; };
/* End PBXBuildFile section */

/* Begin PBXContainerItemProxy section */
		D605CC7524B1CADE00C2DA6D /* PBXContainerItemProxy */ = {
			isa = PBXContainerItemProxy;
			containerPortal = D6B2CCA324B00BF000C6B27C /* Project object */;
			proxyType = 1;
			remoteGlobalIDString = D605CC6F24B1CADD00C2DA6D;
			remoteInfo = DogGalleryIntentHandler;
		};
		D636CC4924B06756008B5685 /* PBXContainerItemProxy */ = {
			isa = PBXContainerItemProxy;
			containerPortal = D6B2CCA324B00BF000C6B27C /* Project object */;
			proxyType = 1;
			remoteGlobalIDString = D636CC3C24B06756008B5685;
			remoteInfo = DogGalleryWidgetExtension;
		};
		D67B566F24B7EC6A00FAD694 /* PBXContainerItemProxy */ = {
			isa = PBXContainerItemProxy;
			containerPortal = D6B2CCA324B00BF000C6B27C /* Project object */;
			proxyType = 1;
			remoteGlobalIDString = D67B566924B7EC6A00FAD694;
			remoteInfo = CatGalleryWidgetIntentHandler;
		};
/* End PBXContainerItemProxy section */

/* Begin PBXCopyFilesBuildPhase section */
		D636CC4F24B06757008B5685 /* Embed App Extensions */ = {
			isa = PBXCopyFilesBuildPhase;
			buildActionMask = 2147483647;
			dstPath = "";
			dstSubfolderSpec = 13;
			files = (
				D67B567124B7EC6A00FAD694 /* CatGalleryWidgetIntentHandler.appex in Embed App Extensions */,
				D636CC4B24B06756008B5685 /* AnimalGalleryWidgetExtension.appex in Embed App Extensions */,
				D605CC7724B1CADE00C2DA6D /* DogWidgetGalleryIntentHandler.appex in Embed App Extensions */,
			);
			name = "Embed App Extensions";
			runOnlyForDeploymentPostprocessing = 0;
		};
/* End PBXCopyFilesBuildPhase section */

/* Begin PBXFileReference section */
		D605CC7024B1CADD00C2DA6D /* DogWidgetGalleryIntentHandler.appex */ = {isa = PBXFileReference; explicitFileType = "wrapper.app-extension"; includeInIndex = 0; path = DogWidgetGalleryIntentHandler.appex; sourceTree = BUILT_PRODUCTS_DIR; };
		D605CC7224B1CADD00C2DA6D /* IntentHandler.swift */ = {isa = PBXFileReference; lastKnownFileType = sourcecode.swift; path = IntentHandler.swift; sourceTree = "<group>"; };
		D605CC7424B1CADE00C2DA6D /* Info.plist */ = {isa = PBXFileReference; lastKnownFileType = text.plist.xml; path = Info.plist; sourceTree = "<group>"; };
		D605CC7B24B1CB2D00C2DA6D /* DynamicDogBreedSelection.intentdefinition */ = {isa = PBXFileReference; lastKnownFileType = file.intentdefinition; path = DynamicDogBreedSelection.intentdefinition; sourceTree = "<group>"; };
		D636CC3724B06424008B5685 /* String+.swift */ = {isa = PBXFileReference; lastKnownFileType = sourcecode.swift; path = "String+.swift"; sourceTree = "<group>"; };
		D636CC3D24B06756008B5685 /* AnimalGalleryWidgetExtension.appex */ = {isa = PBXFileReference; explicitFileType = "wrapper.app-extension"; includeInIndex = 0; path = AnimalGalleryWidgetExtension.appex; sourceTree = BUILT_PRODUCTS_DIR; };
		D636CC3F24B06756008B5685 /* WidgetKit.framework */ = {isa = PBXFileReference; lastKnownFileType = wrapper.framework; name = WidgetKit.framework; path = System/Library/Frameworks/WidgetKit.framework; sourceTree = SDKROOT; };
		D636CC4124B06756008B5685 /* SwiftUI.framework */ = {isa = PBXFileReference; lastKnownFileType = wrapper.framework; name = SwiftUI.framework; path = System/Library/Frameworks/SwiftUI.framework; sourceTree = SDKROOT; };
		D636CC4424B06756008B5685 /* DogGalleryWidget.swift */ = {isa = PBXFileReference; lastKnownFileType = sourcecode.swift; path = DogGalleryWidget.swift; sourceTree = "<group>"; };
		D636CC4624B06756008B5685 /* Assets.xcassets */ = {isa = PBXFileReference; lastKnownFileType = folder.assetcatalog; path = Assets.xcassets; sourceTree = "<group>"; };
		D636CC4824B06756008B5685 /* Info.plist */ = {isa = PBXFileReference; lastKnownFileType = text.plist.xml; path = Info.plist; sourceTree = "<group>"; };
		D636CC5C24B068CD008B5685 /* DogImageLoader.swift */ = {isa = PBXFileReference; lastKnownFileType = sourcecode.swift; path = DogImageLoader.swift; sourceTree = "<group>"; };
		D636CC6024B10DCD008B5685 /* SharedTypes.swift */ = {isa = PBXFileReference; lastKnownFileType = sourcecode.swift; path = SharedTypes.swift; sourceTree = "<group>"; };
		D636CC6324B10DF4008B5685 /* SharedVariables.swift */ = {isa = PBXFileReference; lastKnownFileType = sourcecode.swift; path = SharedVariables.swift; sourceTree = "<group>"; };
		D636CC6724B118A9008B5685 /* StrokeText.swift */ = {isa = PBXFileReference; lastKnownFileType = sourcecode.swift; path = StrokeText.swift; sourceTree = "<group>"; };
		D636CC6A24B14F60008B5685 /* LeftTimeTextView.swift */ = {isa = PBXFileReference; lastKnownFileType = sourcecode.swift; path = LeftTimeTextView.swift; sourceTree = "<group>"; };
		D63C455624B019B700A0E152 /* DIContainer.swift */ = {isa = PBXFileReference; fileEncoding = 4; lastKnownFileType = sourcecode.swift; path = DIContainer.swift; sourceTree = "<group>"; };
		D63C456A24B034DD00A0E152 /* AnimalImageView.swift */ = {isa = PBXFileReference; lastKnownFileType = sourcecode.swift; path = AnimalImageView.swift; sourceTree = "<group>"; };
		D63C456C24B03CD000A0E152 /* AnimalImageGridView.swift */ = {isa = PBXFileReference; lastKnownFileType = sourcecode.swift; path = AnimalImageGridView.swift; sourceTree = "<group>"; };
		D669BA6124B6AB7900FCB69A /* dog.mp3 */ = {isa = PBXFileReference; lastKnownFileType = audio.mp3; path = dog.mp3; sourceTree = "<group>"; };
		D669BA6224B6AB7900FCB69A /* cat.mp3 */ = {isa = PBXFileReference; lastKnownFileType = audio.mp3; path = cat.mp3; sourceTree = "<group>"; };
		D669BA6524B6B7FC00FCB69A /* RootView.swift */ = {isa = PBXFileReference; lastKnownFileType = sourcecode.swift; path = RootView.swift; sourceTree = "<group>"; };
		D669BA6724B6B88900FCB69A /* AnimalType.swift */ = {isa = PBXFileReference; lastKnownFileType = sourcecode.swift; path = AnimalType.swift; sourceTree = "<group>"; };
		D669BA6A24B6BF8C00FCB69A /* CatBreedListLoader.swift */ = {isa = PBXFileReference; lastKnownFileType = sourcecode.swift; path = CatBreedListLoader.swift; sourceTree = "<group>"; };
		D67B138724B5073400A37BA9 /* CatGalleryWidget.swift */ = {isa = PBXFileReference; lastKnownFileType = sourcecode.swift; path = CatGalleryWidget.swift; sourceTree = "<group>"; };
		D67B138B24B5084D00A37BA9 /* CatImageLoader.swift */ = {isa = PBXFileReference; lastKnownFileType = sourcecode.swift; path = CatImageLoader.swift; sourceTree = "<group>"; };
		D67B565A24B7C86A00FAD694 /* BubbleBackground.swift */ = {isa = PBXFileReference; fileEncoding = 4; lastKnownFileType = sourcecode.swift; path = BubbleBackground.swift; sourceTree = "<group>"; };
		D67B565C24B7C89A00FAD694 /* BubbleView.swift */ = {isa = PBXFileReference; fileEncoding = 4; lastKnownFileType = sourcecode.swift; path = BubbleView.swift; sourceTree = "<group>"; };
		D67B565E24B7DE1D00FAD694 /* DynamicCatBreedSelection.intentdefinition */ = {isa = PBXFileReference; lastKnownFileType = file.intentdefinition; path = DynamicCatBreedSelection.intentdefinition; sourceTree = "<group>"; };
		D67B566A24B7EC6A00FAD694 /* CatGalleryWidgetIntentHandler.appex */ = {isa = PBXFileReference; explicitFileType = "wrapper.app-extension"; includeInIndex = 0; path = CatGalleryWidgetIntentHandler.appex; sourceTree = BUILT_PRODUCTS_DIR; };
		D67B566C24B7EC6A00FAD694 /* IntentHandler.swift */ = {isa = PBXFileReference; lastKnownFileType = sourcecode.swift; path = IntentHandler.swift; sourceTree = "<group>"; };
		D67B566E24B7EC6A00FAD694 /* Info.plist */ = {isa = PBXFileReference; lastKnownFileType = text.plist.xml; path = Info.plist; sourceTree = "<group>"; };
		D67B568724B7ED6A00FAD694 /* CatImageTimeline.swift */ = {isa = PBXFileReference; lastKnownFileType = sourcecode.swift; path = CatImageTimeline.swift; sourceTree = "<group>"; };
		D687BBFA24FB4863000A6401 /* RemoteListLoader.swift */ = {isa = PBXFileReference; lastKnownFileType = sourcecode.swift; path = RemoteListLoader.swift; sourceTree = "<group>"; };
		D6982E6324B656FB0037305E /* ImageEntry.swift */ = {isa = PBXFileReference; lastKnownFileType = sourcecode.swift; path = ImageEntry.swift; sourceTree = "<group>"; };
		D6982E6524B659290037305E /* DogImageTimeline.swift */ = {isa = PBXFileReference; lastKnownFileType = sourcecode.swift; path = DogImageTimeline.swift; sourceTree = "<group>"; };
		D6982E6724B65C3A0037305E /* WidgetEntryView.swift */ = {isa = PBXFileReference; lastKnownFileType = sourcecode.swift; path = WidgetEntryView.swift; sourceTree = "<group>"; };
		D6982E6924B65CDC0037305E /* AnimalBundle.swift */ = {isa = PBXFileReference; lastKnownFileType = sourcecode.swift; path = AnimalBundle.swift; sourceTree = "<group>"; };
		D6982E6B24B65D3A0037305E /* WidgetImage.swift */ = {isa = PBXFileReference; lastKnownFileType = sourcecode.swift; path = WidgetImage.swift; sourceTree = "<group>"; };
		D6B2CCAB24B00BF000C6B27C /* AnimalGallery.app */ = {isa = PBXFileReference; explicitFileType = wrapper.application; includeInIndex = 0; path = AnimalGallery.app; sourceTree = BUILT_PRODUCTS_DIR; };
		D6B2CCAE24B00BF000C6B27C /* AnimalGalleryApp.swift */ = {isa = PBXFileReference; lastKnownFileType = sourcecode.swift; path = AnimalGalleryApp.swift; sourceTree = "<group>"; };
		D6B2CCB224B00BF100C6B27C /* Assets.xcassets */ = {isa = PBXFileReference; lastKnownFileType = folder.assetcatalog; path = Assets.xcassets; sourceTree = "<group>"; };
		D6B2CCB524B00BF100C6B27C /* Preview Assets.xcassets */ = {isa = PBXFileReference; lastKnownFileType = folder.assetcatalog; path = "Preview Assets.xcassets"; sourceTree = "<group>"; };
		D6B2CCB724B00BF100C6B27C /* Info.plist */ = {isa = PBXFileReference; lastKnownFileType = text.plist.xml; path = Info.plist; sourceTree = "<group>"; };
		D6B2CCBE24B00C3400C6B27C /* AnimalImage.swift */ = {isa = PBXFileReference; fileEncoding = 4; lastKnownFileType = sourcecode.swift; path = AnimalImage.swift; sourceTree = "<group>"; };
		D6B2CCBF24B00C3400C6B27C /* Breed.swift */ = {isa = PBXFileReference; fileEncoding = 4; lastKnownFileType = sourcecode.swift; path = Breed.swift; sourceTree = "<group>"; };
		D6B2CCC324B00C6C00C6B27C /* ImageDataWebLoader.swift */ = {isa = PBXFileReference; fileEncoding = 4; lastKnownFileType = sourcecode.swift; path = ImageDataWebLoader.swift; sourceTree = "<group>"; };
		D6B2CCC424B00C6C00C6B27C /* DogBreedListLoader.swift */ = {isa = PBXFileReference; fileEncoding = 4; lastKnownFileType = sourcecode.swift; path = DogBreedListLoader.swift; sourceTree = "<group>"; };
		D6B2CCC724B00C6C00C6B27C /* ImageDataLoader.swift */ = {isa = PBXFileReference; fileEncoding = 4; lastKnownFileType = sourcecode.swift; path = ImageDataLoader.swift; sourceTree = "<group>"; };
		D6B2CCD124B00C7900C6B27C /* URLSessionHTTPClient.swift */ = {isa = PBXFileReference; fileEncoding = 4; lastKnownFileType = sourcecode.swift; path = URLSessionHTTPClient.swift; sourceTree = "<group>"; };
		D6B2CCD224B00C7900C6B27C /* HTTPClient.swift */ = {isa = PBXFileReference; fileEncoding = 4; lastKnownFileType = sourcecode.swift; path = HTTPClient.swift; sourceTree = "<group>"; };
		D6B2CCD924B0114C00C6B27C /* BreedListView.swift */ = {isa = PBXFileReference; lastKnownFileType = sourcecode.swift; path = BreedListView.swift; sourceTree = "<group>"; };
		D6B2CCDB24B011C000C6B27C /* BreedRow.swift */ = {isa = PBXFileReference; fileEncoding = 4; lastKnownFileType = sourcecode.swift; path = BreedRow.swift; sourceTree = "<group>"; };
		D6F1658B24D61541001D107D /* RedactingView.swift */ = {isa = PBXFileReference; lastKnownFileType = sourcecode.swift; path = RedactingView.swift; sourceTree = "<group>"; };
		D6FDB64524FC3CD2001963B0 /* RemoteImageListLoader.swift */ = {isa = PBXFileReference; lastKnownFileType = sourcecode.swift; path = RemoteImageListLoader.swift; sourceTree = "<group>"; };
/* End PBXFileReference section */

/* Begin PBXFrameworksBuildPhase section */
		D605CC6D24B1CADD00C2DA6D /* Frameworks */ = {
			isa = PBXFrameworksBuildPhase;
			buildActionMask = 2147483647;
			files = (
			);
			runOnlyForDeploymentPostprocessing = 0;
		};
		D636CC3A24B06756008B5685 /* Frameworks */ = {
			isa = PBXFrameworksBuildPhase;
			buildActionMask = 2147483647;
			files = (
				D636CC4224B06756008B5685 /* SwiftUI.framework in Frameworks */,
				D636CC4024B06756008B5685 /* WidgetKit.framework in Frameworks */,
			);
			runOnlyForDeploymentPostprocessing = 0;
		};
		D67B566724B7EC6A00FAD694 /* Frameworks */ = {
			isa = PBXFrameworksBuildPhase;
			buildActionMask = 2147483647;
			files = (
			);
			runOnlyForDeploymentPostprocessing = 0;
		};
		D6B2CCA824B00BF000C6B27C /* Frameworks */ = {
			isa = PBXFrameworksBuildPhase;
			buildActionMask = 2147483647;
			files = (
			);
			runOnlyForDeploymentPostprocessing = 0;
		};
/* End PBXFrameworksBuildPhase section */

/* Begin PBXGroup section */
		D605CC7124B1CADD00C2DA6D /* DogWidgetGalleryIntentHandler */ = {
			isa = PBXGroup;
			children = (
				D605CC7224B1CADD00C2DA6D /* IntentHandler.swift */,
				D605CC7424B1CADE00C2DA6D /* Info.plist */,
			);
			path = DogWidgetGalleryIntentHandler;
			sourceTree = "<group>";
		};
		D636CC3E24B06756008B5685 /* Frameworks */ = {
			isa = PBXGroup;
			children = (
				D636CC3F24B06756008B5685 /* WidgetKit.framework */,
				D636CC4124B06756008B5685 /* SwiftUI.framework */,
			);
			name = Frameworks;
			sourceTree = "<group>";
		};
		D636CC4324B06756008B5685 /* AnimalGalleryWidget */ = {
			isa = PBXGroup;
			children = (
				D605CC7B24B1CB2D00C2DA6D /* DynamicDogBreedSelection.intentdefinition */,
				D67B565E24B7DE1D00FAD694 /* DynamicCatBreedSelection.intentdefinition */,
				D669BA6224B6AB7900FCB69A /* cat.mp3 */,
				D669BA6124B6AB7900FCB69A /* dog.mp3 */,
				D636CC4824B06756008B5685 /* Info.plist */,
				D6982E6924B65CDC0037305E /* AnimalBundle.swift */,
				D67B565A24B7C86A00FAD694 /* BubbleBackground.swift */,
				D67B565C24B7C89A00FAD694 /* BubbleView.swift */,
				D6982E6324B656FB0037305E /* ImageEntry.swift */,
				D636CC6A24B14F60008B5685 /* LeftTimeTextView.swift */,
				D6982E6724B65C3A0037305E /* WidgetEntryView.swift */,
				D6982E6B24B65D3A0037305E /* WidgetImage.swift */,
				D636CC4624B06756008B5685 /* Assets.xcassets */,
				D6982E6224B656CC0037305E /* cat */,
				D6982E6124B656B00037305E /* dog */,
				D6F1658B24D61541001D107D /* RedactingView.swift */,
			);
			path = AnimalGalleryWidget;
			sourceTree = "<group>";
		};
		D636CC5F24B10DBA008B5685 /* Shared */ = {
			isa = PBXGroup;
			children = (
				D636CC3724B06424008B5685 /* String+.swift */,
				D636CC6024B10DCD008B5685 /* SharedTypes.swift */,
				D636CC6324B10DF4008B5685 /* SharedVariables.swift */,
				D636CC6724B118A9008B5685 /* StrokeText.swift */,
				D6B2CCBF24B00C3400C6B27C /* Breed.swift */,
				D6B2CCBE24B00C3400C6B27C /* AnimalImage.swift */,
				D669BA6724B6B88900FCB69A /* AnimalType.swift */,
				D6B2CCCF24B00C7900C6B27C /* HTTPClient */,
				D6B2CCC224B00C6C00C6B27C /* WebAPI */,
			);
			path = Shared;
			sourceTree = "<group>";
		};
		D63C456924B0345700A0E152 /* AnimalImageGrid */ = {
			isa = PBXGroup;
			children = (
				D63C456A24B034DD00A0E152 /* AnimalImageView.swift */,
				D63C456C24B03CD000A0E152 /* AnimalImageGridView.swift */,
			);
			path = AnimalImageGrid;
			sourceTree = "<group>";
		};
		D67B566B24B7EC6A00FAD694 /* CatGalleryWidgetIntentHandler */ = {
			isa = PBXGroup;
			children = (
				D67B566C24B7EC6A00FAD694 /* IntentHandler.swift */,
				D67B566E24B7EC6A00FAD694 /* Info.plist */,
			);
			path = CatGalleryWidgetIntentHandler;
			sourceTree = "<group>";
		};
		D6982E6124B656B00037305E /* dog */ = {
			isa = PBXGroup;
			children = (
				D6982E6524B659290037305E /* DogImageTimeline.swift */,
				D636CC4424B06756008B5685 /* DogGalleryWidget.swift */,
				D636CC5C24B068CD008B5685 /* DogImageLoader.swift */,
			);
			path = dog;
			sourceTree = "<group>";
		};
		D6982E6224B656CC0037305E /* cat */ = {
			isa = PBXGroup;
			children = (
				D67B138724B5073400A37BA9 /* CatGalleryWidget.swift */,
				D67B138B24B5084D00A37BA9 /* CatImageLoader.swift */,
				D67B568724B7ED6A00FAD694 /* CatImageTimeline.swift */,
			);
			path = cat;
			sourceTree = "<group>";
		};
		D6B2CCA224B00BF000C6B27C = {
			isa = PBXGroup;
			children = (
				D6B2CCAD24B00BF000C6B27C /* AnimalGallery */,
				D636CC4324B06756008B5685 /* AnimalGalleryWidget */,
				D605CC7124B1CADD00C2DA6D /* DogWidgetGalleryIntentHandler */,
				D67B566B24B7EC6A00FAD694 /* CatGalleryWidgetIntentHandler */,
				D636CC3E24B06756008B5685 /* Frameworks */,
				D6B2CCAC24B00BF000C6B27C /* Products */,
			);
			sourceTree = "<group>";
		};
		D6B2CCAC24B00BF000C6B27C /* Products */ = {
			isa = PBXGroup;
			children = (
				D6B2CCAB24B00BF000C6B27C /* AnimalGallery.app */,
				D636CC3D24B06756008B5685 /* AnimalGalleryWidgetExtension.appex */,
				D605CC7024B1CADD00C2DA6D /* DogWidgetGalleryIntentHandler.appex */,
				D67B566A24B7EC6A00FAD694 /* CatGalleryWidgetIntentHandler.appex */,
			);
			name = Products;
			sourceTree = "<group>";
		};
		D6B2CCAD24B00BF000C6B27C /* AnimalGallery */ = {
			isa = PBXGroup;
			children = (
				D6B2CCB724B00BF100C6B27C /* Info.plist */,
				D6B2CCAE24B00BF000C6B27C /* AnimalGalleryApp.swift */,
				D63C455624B019B700A0E152 /* DIContainer.swift */,
				D669BA6524B6B7FC00FCB69A /* RootView.swift */,
				D6B2CCB224B00BF100C6B27C /* Assets.xcassets */,
				D63C456924B0345700A0E152 /* AnimalImageGrid */,
				D6B2CCD824B0113200C6B27C /* BreedList */,
				D6B2CCB424B00BF100C6B27C /* Preview Content */,
				D636CC5F24B10DBA008B5685 /* Shared */,
			);
			path = AnimalGallery;
			sourceTree = "<group>";
		};
		D6B2CCB424B00BF100C6B27C /* Preview Content */ = {
			isa = PBXGroup;
			children = (
				D6B2CCB524B00BF100C6B27C /* Preview Assets.xcassets */,
			);
			path = "Preview Content";
			sourceTree = "<group>";
		};
		D6B2CCC224B00C6C00C6B27C /* WebAPI */ = {
			isa = PBXGroup;
			children = (
				D6FDB64424FC3C7B001963B0 /* Shared */,
				D6B2CCC324B00C6C00C6B27C /* ImageDataWebLoader.swift */,
				D6B2CCC424B00C6C00C6B27C /* DogBreedListLoader.swift */,
				D6B2CCC724B00C6C00C6B27C /* ImageDataLoader.swift */,
				D669BA6A24B6BF8C00FCB69A /* CatBreedListLoader.swift */,
			);
			path = WebAPI;
			sourceTree = "<group>";
		};
		D6B2CCCF24B00C7900C6B27C /* HTTPClient */ = {
			isa = PBXGroup;
			children = (
				D6B2CCD124B00C7900C6B27C /* URLSessionHTTPClient.swift */,
				D6B2CCD224B00C7900C6B27C /* HTTPClient.swift */,
			);
			path = HTTPClient;
			sourceTree = "<group>";
		};
		D6B2CCD824B0113200C6B27C /* BreedList */ = {
			isa = PBXGroup;
			children = (
				D6B2CCDB24B011C000C6B27C /* BreedRow.swift */,
				D6B2CCD924B0114C00C6B27C /* BreedListView.swift */,
			);
			path = BreedList;
			sourceTree = "<group>";
		};
		D6FDB64424FC3C7B001963B0 /* Shared */ = {
			isa = PBXGroup;
			children = (
				D687BBFA24FB4863000A6401 /* RemoteListLoader.swift */,
				D6FDB64524FC3CD2001963B0 /* RemoteImageListLoader.swift */,
			);
			path = Shared;
			sourceTree = "<group>";
		};
/* End PBXGroup section */

/* Begin PBXNativeTarget section */
		D605CC6F24B1CADD00C2DA6D /* DogWidgetGalleryIntentHandler */ = {
			isa = PBXNativeTarget;
			buildConfigurationList = D605CC7A24B1CADE00C2DA6D /* Build configuration list for PBXNativeTarget "DogWidgetGalleryIntentHandler" */;
			buildPhases = (
				D605CC6C24B1CADD00C2DA6D /* Sources */,
				D605CC6D24B1CADD00C2DA6D /* Frameworks */,
				D605CC6E24B1CADD00C2DA6D /* Resources */,
			);
			buildRules = (
			);
			dependencies = (
			);
			name = DogWidgetGalleryIntentHandler;
			productName = DogGalleryIntentHandler;
			productReference = D605CC7024B1CADD00C2DA6D /* DogWidgetGalleryIntentHandler.appex */;
			productType = "com.apple.product-type.app-extension";
		};
		D636CC3C24B06756008B5685 /* AnimalGalleryWidgetExtension */ = {
			isa = PBXNativeTarget;
			buildConfigurationList = D636CC4C24B06757008B5685 /* Build configuration list for PBXNativeTarget "AnimalGalleryWidgetExtension" */;
			buildPhases = (
				D636CC3924B06756008B5685 /* Sources */,
				D636CC3A24B06756008B5685 /* Frameworks */,
				D636CC3B24B06756008B5685 /* Resources */,
			);
			buildRules = (
			);
			dependencies = (
			);
			name = AnimalGalleryWidgetExtension;
			productName = DogGalleryWidgetExtension;
			productReference = D636CC3D24B06756008B5685 /* AnimalGalleryWidgetExtension.appex */;
			productType = "com.apple.product-type.app-extension";
		};
		D67B566924B7EC6A00FAD694 /* CatGalleryWidgetIntentHandler */ = {
			isa = PBXNativeTarget;
			buildConfigurationList = D67B567224B7EC6A00FAD694 /* Build configuration list for PBXNativeTarget "CatGalleryWidgetIntentHandler" */;
			buildPhases = (
				D67B566624B7EC6A00FAD694 /* Sources */,
				D67B566724B7EC6A00FAD694 /* Frameworks */,
				D67B566824B7EC6A00FAD694 /* Resources */,
			);
			buildRules = (
			);
			dependencies = (
			);
			name = CatGalleryWidgetIntentHandler;
			productName = CatGalleryWidgetIntentHandler;
			productReference = D67B566A24B7EC6A00FAD694 /* CatGalleryWidgetIntentHandler.appex */;
			productType = "com.apple.product-type.app-extension";
		};
		D6B2CCAA24B00BF000C6B27C /* AnimalGallery */ = {
			isa = PBXNativeTarget;
			buildConfigurationList = D6B2CCBA24B00BF100C6B27C /* Build configuration list for PBXNativeTarget "AnimalGallery" */;
			buildPhases = (
				D6B2CCA724B00BF000C6B27C /* Sources */,
				D6B2CCA824B00BF000C6B27C /* Frameworks */,
				D6B2CCA924B00BF000C6B27C /* Resources */,
				D636CC4F24B06757008B5685 /* Embed App Extensions */,
			);
			buildRules = (
			);
			dependencies = (
				D636CC4A24B06756008B5685 /* PBXTargetDependency */,
				D605CC7624B1CADE00C2DA6D /* PBXTargetDependency */,
				D67B567024B7EC6A00FAD694 /* PBXTargetDependency */,
			);
			name = AnimalGallery;
			productName = DogGallery;
			productReference = D6B2CCAB24B00BF000C6B27C /* AnimalGallery.app */;
			productType = "com.apple.product-type.application";
		};
/* End PBXNativeTarget section */

/* Begin PBXProject section */
		D6B2CCA324B00BF000C6B27C /* Project object */ = {
			isa = PBXProject;
			attributes = {
				LastSwiftUpdateCheck = 1200;
				LastUpgradeCheck = 1200;
				TargetAttributes = {
					D605CC6F24B1CADD00C2DA6D = {
						CreatedOnToolsVersion = 12.0;
					};
					D636CC3C24B06756008B5685 = {
						CreatedOnToolsVersion = 12.0;
					};
					D67B566924B7EC6A00FAD694 = {
						CreatedOnToolsVersion = 12.0;
					};
					D6B2CCAA24B00BF000C6B27C = {
						CreatedOnToolsVersion = 12.0;
					};
				};
			};
			buildConfigurationList = D6B2CCA624B00BF000C6B27C /* Build configuration list for PBXProject "AnimalGallery" */;
			compatibilityVersion = "Xcode 9.3";
			developmentRegion = en;
			hasScannedForEncodings = 0;
			knownRegions = (
				en,
				Base,
			);
			mainGroup = D6B2CCA224B00BF000C6B27C;
			productRefGroup = D6B2CCAC24B00BF000C6B27C /* Products */;
			projectDirPath = "";
			projectRoot = "";
			targets = (
				D6B2CCAA24B00BF000C6B27C /* AnimalGallery */,
				D636CC3C24B06756008B5685 /* AnimalGalleryWidgetExtension */,
				D605CC6F24B1CADD00C2DA6D /* DogWidgetGalleryIntentHandler */,
				D67B566924B7EC6A00FAD694 /* CatGalleryWidgetIntentHandler */,
			);
		};
/* End PBXProject section */

/* Begin PBXResourcesBuildPhase section */
		D605CC6E24B1CADD00C2DA6D /* Resources */ = {
			isa = PBXResourcesBuildPhase;
			buildActionMask = 2147483647;
			files = (
			);
			runOnlyForDeploymentPostprocessing = 0;
		};
		D636CC3B24B06756008B5685 /* Resources */ = {
			isa = PBXResourcesBuildPhase;
			buildActionMask = 2147483647;
			files = (
				D669BA6424B6AB7A00FCB69A /* cat.mp3 in Resources */,
				D636CC4724B06756008B5685 /* Assets.xcassets in Resources */,
				D669BA6324B6AB7A00FCB69A /* dog.mp3 in Resources */,
			);
			runOnlyForDeploymentPostprocessing = 0;
		};
		D67B566824B7EC6A00FAD694 /* Resources */ = {
			isa = PBXResourcesBuildPhase;
			buildActionMask = 2147483647;
			files = (
			);
			runOnlyForDeploymentPostprocessing = 0;
		};
		D6B2CCA924B00BF000C6B27C /* Resources */ = {
			isa = PBXResourcesBuildPhase;
			buildActionMask = 2147483647;
			files = (
				D6B2CCB624B00BF100C6B27C /* Preview Assets.xcassets in Resources */,
				D6B2CCB324B00BF100C6B27C /* Assets.xcassets in Resources */,
			);
			runOnlyForDeploymentPostprocessing = 0;
		};
/* End PBXResourcesBuildPhase section */

/* Begin PBXSourcesBuildPhase section */
		D605CC6C24B1CADD00C2DA6D /* Sources */ = {
			isa = PBXSourcesBuildPhase;
			buildActionMask = 2147483647;
			files = (
				D6FDB64824FC3F45001963B0 /* RemoteImageListLoader.swift in Sources */,
				D605CC8924B26E2100C2DA6D /* Breed.swift in Sources */,
				D605CC8424B1CD1D00C2DA6D /* StrokeText.swift in Sources */,
				D605CC8324B1CD1D00C2DA6D /* SharedVariables.swift in Sources */,
				D687BBFC24FB4889000A6401 /* RemoteListLoader.swift in Sources */,
				D669BA7724B6D44C00FCB69A /* AnimalImage.swift in Sources */,
				D669BA7F24B6E3DE00FCB69A /* ImageDataLoader.swift in Sources */,
				D605CC7D24B1CB2D00C2DA6D /* DynamicDogBreedSelection.intentdefinition in Sources */,
				D669BA7D24B6E2AA00FCB69A /* ImageDataWebLoader.swift in Sources */,
				D669BA6F24B6D25100FCB69A /* CatBreedListLoader.swift in Sources */,
				D669BA6E24B6D24D00FCB69A /* DogBreedListLoader.swift in Sources */,
				D669BA7224B6D2BE00FCB69A /* URLSessionHTTPClient.swift in Sources */,
				D605CC7324B1CADD00C2DA6D /* IntentHandler.swift in Sources */,
				D605CC8124B1CD1D00C2DA6D /* String+.swift in Sources */,
				D669BA7324B6D2BE00FCB69A /* HTTPClient.swift in Sources */,
				D605CC8224B1CD1D00C2DA6D /* SharedTypes.swift in Sources */,
			);
			runOnlyForDeploymentPostprocessing = 0;
		};
		D636CC3924B06756008B5685 /* Sources */ = {
			isa = PBXSourcesBuildPhase;
			buildActionMask = 2147483647;
			files = (
				D636CC6524B10E12008B5685 /* SharedVariables.swift in Sources */,
				D6982E6624B659290037305E /* DogImageTimeline.swift in Sources */,
				D636CC6C24B15033008B5685 /* LeftTimeTextView.swift in Sources */,
				D669BA7E24B6E2AB00FCB69A /* ImageDataWebLoader.swift in Sources */,
				D636CC5B24B068A4008B5685 /* Breed.swift in Sources */,
				D6982E6424B656FB0037305E /* ImageEntry.swift in Sources */,
				D669BA8024B6E3DF00FCB69A /* ImageDataLoader.swift in Sources */,
				D605CC8624B1D20E00C2DA6D /* DynamicDogBreedSelection.intentdefinition in Sources */,
				D67B138824B5073400A37BA9 /* CatGalleryWidget.swift in Sources */,
				D636CC5E24B06F7A008B5685 /* DogImageLoader.swift in Sources */,
				D636CC6924B11955008B5685 /* StrokeText.swift in Sources */,
				D67B566024B7DE1D00FAD694 /* DynamicCatBreedSelection.intentdefinition in Sources */,
				D687BBFE24FB488C000A6401 /* RemoteListLoader.swift in Sources */,
				D636CC6224B10DE1008B5685 /* SharedTypes.swift in Sources */,
				D636CC5024B0685C008B5685 /* AnimalImage.swift in Sources */,
				D669BA7824B6E0ED00FCB69A /* DogBreedListLoader.swift in Sources */,
				D6FDB64724FC3F44001963B0 /* RemoteImageListLoader.swift in Sources */,
				D6982E6824B65C3A0037305E /* WidgetEntryView.swift in Sources */,
				D6982E6C24B65D3A0037305E /* WidgetImage.swift in Sources */,
				D6F1658C24D61541001D107D /* RedactingView.swift in Sources */,
				D6982E6A24B65CDC0037305E /* AnimalBundle.swift in Sources */,
				D67B138C24B5084D00A37BA9 /* CatImageLoader.swift in Sources */,
				D636CC6624B110BE008B5685 /* String+.swift in Sources */,
				D636CC5924B06886008B5685 /* URLSessionHTTPClient.swift in Sources */,
				D669BA6924B6B88900FCB69A /* AnimalType.swift in Sources */,
				D669BA7924B6E0F100FCB69A /* CatBreedListLoader.swift in Sources */,
				D636CC5724B06886008B5685 /* HTTPClient.swift in Sources */,
				D67B565B24B7C86A00FAD694 /* BubbleBackground.swift in Sources */,
				D67B568924B7ED6A00FAD694 /* CatImageTimeline.swift in Sources */,
				D67B565D24B7C89A00FAD694 /* BubbleView.swift in Sources */,
				D636CC4524B06756008B5685 /* DogGalleryWidget.swift in Sources */,
			);
			runOnlyForDeploymentPostprocessing = 0;
		};
		D67B566624B7EC6A00FAD694 /* Sources */ = {
			isa = PBXSourcesBuildPhase;
			buildActionMask = 2147483647;
			files = (
				D6FDB64924FC3F45001963B0 /* RemoteImageListLoader.swift in Sources */,
				D67B567624B7ED0900FAD694 /* DogBreedListLoader.swift in Sources */,
				D67B567D24B7ED0D00FAD694 /* URLSessionHTTPClient.swift in Sources */,
				D67B567F24B7ED0D00FAD694 /* HTTPClient.swift in Sources */,
				D687BBFD24FB488B000A6401 /* RemoteListLoader.swift in Sources */,
				D67B568224B7ED1800FAD694 /* Breed.swift in Sources */,
				D67B568624B7ED2F00FAD694 /* String+.swift in Sources */,
				D67B567824B7ED0900FAD694 /* CatBreedListLoader.swift in Sources */,
				D67B566D24B7EC6A00FAD694 /* IntentHandler.swift in Sources */,
				D67B567A24B7ED0900FAD694 /* ImageDataLoader.swift in Sources */,
				D67B567524B7ECBC00FAD694 /* DynamicCatBreedSelection.intentdefinition in Sources */,
				D67B568524B7ED2800FAD694 /* SharedVariables.swift in Sources */,
				D67B567C24B7ED0900FAD694 /* ImageDataWebLoader.swift in Sources */,
				D67B568424B7ED2000FAD694 /* SharedTypes.swift in Sources */,
				D67B568124B7ED1800FAD694 /* AnimalImage.swift in Sources */,
				D67B568324B7ED1800FAD694 /* AnimalType.swift in Sources */,
			);
			runOnlyForDeploymentPostprocessing = 0;
		};
		D6B2CCA724B00BF000C6B27C /* Sources */ = {
			isa = PBXSourcesBuildPhase;
			buildActionMask = 2147483647;
			files = (
				D636CC6824B118A9008B5685 /* StrokeText.swift in Sources */,
				D6B2CCCD24B00C6C00C6B27C /* ImageDataLoader.swift in Sources */,
				D669BA6824B6B88900FCB69A /* AnimalType.swift in Sources */,
				D636CC6424B10DF4008B5685 /* SharedVariables.swift in Sources */,
				D636CC3824B06424008B5685 /* String+.swift in Sources */,
				D6B2CCD624B00C7900C6B27C /* HTTPClient.swift in Sources */,
				D63C456B24B034DD00A0E152 /* AnimalImageView.swift in Sources */,
				D6FDB64624FC3CD2001963B0 /* RemoteImageListLoader.swift in Sources */,
				D6B2CCDC24B011C000C6B27C /* BreedRow.swift in Sources */,
				D6B2CCCA24B00C6C00C6B27C /* DogBreedListLoader.swift in Sources */,
				D6B2CCC124B00C3400C6B27C /* Breed.swift in Sources */,
				D6B2CCC924B00C6C00C6B27C /* ImageDataWebLoader.swift in Sources */,
				D63C456D24B03CD000A0E152 /* AnimalImageGridView.swift in Sources */,
				D6B2CCDA24B0114C00C6B27C /* BreedListView.swift in Sources */,
				D6B2CCC024B00C3400C6B27C /* AnimalImage.swift in Sources */,
				D687BBFB24FB4863000A6401 /* RemoteListLoader.swift in Sources */,
				D636CC6124B10DCD008B5685 /* SharedTypes.swift in Sources */,
				D6B2CCAF24B00BF000C6B27C /* AnimalGalleryApp.swift in Sources */,
				D63C455724B019B800A0E152 /* DIContainer.swift in Sources */,
				D669BA6B24B6BF8C00FCB69A /* CatBreedListLoader.swift in Sources */,
				D6B2CCD524B00C7900C6B27C /* URLSessionHTTPClient.swift in Sources */,
				D669BA6624B6B7FC00FCB69A /* RootView.swift in Sources */,
			);
			runOnlyForDeploymentPostprocessing = 0;
		};
/* End PBXSourcesBuildPhase section */

/* Begin PBXTargetDependency section */
		D605CC7624B1CADE00C2DA6D /* PBXTargetDependency */ = {
			isa = PBXTargetDependency;
			target = D605CC6F24B1CADD00C2DA6D /* DogWidgetGalleryIntentHandler */;
			targetProxy = D605CC7524B1CADE00C2DA6D /* PBXContainerItemProxy */;
		};
		D636CC4A24B06756008B5685 /* PBXTargetDependency */ = {
			isa = PBXTargetDependency;
			target = D636CC3C24B06756008B5685 /* AnimalGalleryWidgetExtension */;
			targetProxy = D636CC4924B06756008B5685 /* PBXContainerItemProxy */;
		};
		D67B567024B7EC6A00FAD694 /* PBXTargetDependency */ = {
			isa = PBXTargetDependency;
			target = D67B566924B7EC6A00FAD694 /* CatGalleryWidgetIntentHandler */;
			targetProxy = D67B566F24B7EC6A00FAD694 /* PBXContainerItemProxy */;
		};
/* End PBXTargetDependency section */

/* Begin XCBuildConfiguration section */
		D605CC7824B1CADE00C2DA6D /* Debug */ = {
			isa = XCBuildConfiguration;
			buildSettings = {
				CODE_SIGN_ENTITLEMENTS = "";
				CODE_SIGN_STYLE = Automatic;
				DEVELOPMENT_TEAM = L8VFCZLW2Z;
				INFOPLIST_FILE = DogWidgetGalleryIntentHandler/Info.plist;
				LD_RUNPATH_SEARCH_PATHS = (
					"$(inherited)",
					"@executable_path/Frameworks",
					"@executable_path/../../Frameworks",
				);
				PRODUCT_BUNDLE_IDENTIFIER = shiz.sample.AnimalGallery.DogWidgetGalleryIntentHandler;
				PRODUCT_NAME = "$(TARGET_NAME)";
				SKIP_INSTALL = YES;
				SWIFT_VERSION = 5.0;
				TARGETED_DEVICE_FAMILY = "1,2";
			};
			name = Debug;
		};
		D605CC7924B1CADE00C2DA6D /* Release */ = {
			isa = XCBuildConfiguration;
			buildSettings = {
				CODE_SIGN_ENTITLEMENTS = "";
				CODE_SIGN_STYLE = Automatic;
				DEVELOPMENT_TEAM = L8VFCZLW2Z;
				INFOPLIST_FILE = DogWidgetGalleryIntentHandler/Info.plist;
				LD_RUNPATH_SEARCH_PATHS = (
					"$(inherited)",
					"@executable_path/Frameworks",
					"@executable_path/../../Frameworks",
				);
				PRODUCT_BUNDLE_IDENTIFIER = shiz.sample.AnimalGallery.DogWidgetGalleryIntentHandler;
				PRODUCT_NAME = "$(TARGET_NAME)";
				SKIP_INSTALL = YES;
				SWIFT_VERSION = 5.0;
				TARGETED_DEVICE_FAMILY = "1,2";
			};
			name = Release;
		};
		D636CC4D24B06757008B5685 /* Debug */ = {
			isa = XCBuildConfiguration;
			buildSettings = {
				ASSETCATALOG_COMPILER_GLOBAL_ACCENT_COLOR_NAME = AccentColor;
				ASSETCATALOG_COMPILER_WIDGET_BACKGROUND_COLOR_NAME = WidgetBackground;
				CODE_SIGN_STYLE = Automatic;
				DEVELOPMENT_TEAM = L8VFCZLW2Z;
				INFOPLIST_FILE = AnimalGalleryWidget/Info.plist;
				LD_RUNPATH_SEARCH_PATHS = (
					"$(inherited)",
					"@executable_path/Frameworks",
					"@executable_path/../../Frameworks",
				);
				PRODUCT_BUNDLE_IDENTIFIER = shiz.sample.AnimalGallery.AnimalGalleryWidget;
				PRODUCT_NAME = "$(TARGET_NAME)";
				SKIP_INSTALL = YES;
				SWIFT_VERSION = 5.0;
				TARGETED_DEVICE_FAMILY = "1,2";
			};
			name = Debug;
		};
		D636CC4E24B06757008B5685 /* Release */ = {
			isa = XCBuildConfiguration;
			buildSettings = {
				ASSETCATALOG_COMPILER_GLOBAL_ACCENT_COLOR_NAME = AccentColor;
				ASSETCATALOG_COMPILER_WIDGET_BACKGROUND_COLOR_NAME = WidgetBackground;
				CODE_SIGN_STYLE = Automatic;
				DEVELOPMENT_TEAM = L8VFCZLW2Z;
				INFOPLIST_FILE = AnimalGalleryWidget/Info.plist;
				LD_RUNPATH_SEARCH_PATHS = (
					"$(inherited)",
					"@executable_path/Frameworks",
					"@executable_path/../../Frameworks",
				);
				PRODUCT_BUNDLE_IDENTIFIER = shiz.sample.AnimalGallery.AnimalGalleryWidget;
				PRODUCT_NAME = "$(TARGET_NAME)";
				SKIP_INSTALL = YES;
				SWIFT_VERSION = 5.0;
				TARGETED_DEVICE_FAMILY = "1,2";
			};
			name = Release;
		};
		D67B567324B7EC6A00FAD694 /* Debug */ = {
			isa = XCBuildConfiguration;
			buildSettings = {
				CODE_SIGN_STYLE = Automatic;
				DEVELOPMENT_TEAM = L8VFCZLW2Z;
				INFOPLIST_FILE = CatGalleryWidgetIntentHandler/Info.plist;
				LD_RUNPATH_SEARCH_PATHS = (
					"$(inherited)",
					"@executable_path/Frameworks",
					"@executable_path/../../Frameworks",
				);
				PRODUCT_BUNDLE_IDENTIFIER = shiz.sample.AnimalGallery.CatGalleryWidgetIntentHandler;
				PRODUCT_NAME = "$(TARGET_NAME)";
				SKIP_INSTALL = YES;
				SWIFT_VERSION = 5.0;
				TARGETED_DEVICE_FAMILY = "1,2";
			};
			name = Debug;
		};
		D67B567424B7EC6A00FAD694 /* Release */ = {
			isa = XCBuildConfiguration;
			buildSettings = {
				CODE_SIGN_STYLE = Automatic;
				DEVELOPMENT_TEAM = L8VFCZLW2Z;
				INFOPLIST_FILE = CatGalleryWidgetIntentHandler/Info.plist;
				LD_RUNPATH_SEARCH_PATHS = (
					"$(inherited)",
					"@executable_path/Frameworks",
					"@executable_path/../../Frameworks",
				);
				PRODUCT_BUNDLE_IDENTIFIER = shiz.sample.AnimalGallery.CatGalleryWidgetIntentHandler;
				PRODUCT_NAME = "$(TARGET_NAME)";
				SKIP_INSTALL = YES;
				SWIFT_VERSION = 5.0;
				TARGETED_DEVICE_FAMILY = "1,2";
			};
			name = Release;
		};
		D6B2CCB824B00BF100C6B27C /* Debug */ = {
			isa = XCBuildConfiguration;
			buildSettings = {
				ALWAYS_SEARCH_USER_PATHS = NO;
				CLANG_ANALYZER_NONNULL = YES;
				CLANG_ANALYZER_NUMBER_OBJECT_CONVERSION = YES_AGGRESSIVE;
				CLANG_CXX_LANGUAGE_STANDARD = "gnu++14";
				CLANG_CXX_LIBRARY = "libc++";
				CLANG_ENABLE_MODULES = YES;
				CLANG_ENABLE_OBJC_ARC = YES;
				CLANG_ENABLE_OBJC_WEAK = YES;
				CLANG_WARN_BLOCK_CAPTURE_AUTORELEASING = YES;
				CLANG_WARN_BOOL_CONVERSION = YES;
				CLANG_WARN_COMMA = YES;
				CLANG_WARN_CONSTANT_CONVERSION = YES;
				CLANG_WARN_DEPRECATED_OBJC_IMPLEMENTATIONS = YES;
				CLANG_WARN_DIRECT_OBJC_ISA_USAGE = YES_ERROR;
				CLANG_WARN_DOCUMENTATION_COMMENTS = YES;
				CLANG_WARN_EMPTY_BODY = YES;
				CLANG_WARN_ENUM_CONVERSION = YES;
				CLANG_WARN_INFINITE_RECURSION = YES;
				CLANG_WARN_INT_CONVERSION = YES;
				CLANG_WARN_NON_LITERAL_NULL_CONVERSION = YES;
				CLANG_WARN_OBJC_IMPLICIT_RETAIN_SELF = YES;
				CLANG_WARN_OBJC_LITERAL_CONVERSION = YES;
				CLANG_WARN_OBJC_ROOT_CLASS = YES_ERROR;
				CLANG_WARN_QUOTED_INCLUDE_IN_FRAMEWORK_HEADER = YES;
				CLANG_WARN_RANGE_LOOP_ANALYSIS = YES;
				CLANG_WARN_STRICT_PROTOTYPES = YES;
				CLANG_WARN_SUSPICIOUS_MOVE = YES;
				CLANG_WARN_UNGUARDED_AVAILABILITY = YES_AGGRESSIVE;
				CLANG_WARN_UNREACHABLE_CODE = YES;
				CLANG_WARN__DUPLICATE_METHOD_MATCH = YES;
				COPY_PHASE_STRIP = NO;
				DEBUG_INFORMATION_FORMAT = dwarf;
				ENABLE_STRICT_OBJC_MSGSEND = YES;
				ENABLE_TESTABILITY = YES;
				GCC_C_LANGUAGE_STANDARD = gnu11;
				GCC_DYNAMIC_NO_PIC = NO;
				GCC_NO_COMMON_BLOCKS = YES;
				GCC_OPTIMIZATION_LEVEL = 0;
				GCC_PREPROCESSOR_DEFINITIONS = (
					"DEBUG=1",
					"$(inherited)",
				);
				GCC_WARN_64_TO_32_BIT_CONVERSION = YES;
				GCC_WARN_ABOUT_RETURN_TYPE = YES_ERROR;
				GCC_WARN_UNDECLARED_SELECTOR = YES;
				GCC_WARN_UNINITIALIZED_AUTOS = YES_AGGRESSIVE;
				GCC_WARN_UNUSED_FUNCTION = YES;
				GCC_WARN_UNUSED_VARIABLE = YES;
				IPHONEOS_DEPLOYMENT_TARGET = 14.0;
				MTL_ENABLE_DEBUG_INFO = INCLUDE_SOURCE;
				MTL_FAST_MATH = YES;
				ONLY_ACTIVE_ARCH = YES;
				SDKROOT = iphoneos;
				SWIFT_ACTIVE_COMPILATION_CONDITIONS = DEBUG;
				SWIFT_OPTIMIZATION_LEVEL = "-Onone";
			};
			name = Debug;
		};
		D6B2CCB924B00BF100C6B27C /* Release */ = {
			isa = XCBuildConfiguration;
			buildSettings = {
				ALWAYS_SEARCH_USER_PATHS = NO;
				CLANG_ANALYZER_NONNULL = YES;
				CLANG_ANALYZER_NUMBER_OBJECT_CONVERSION = YES_AGGRESSIVE;
				CLANG_CXX_LANGUAGE_STANDARD = "gnu++14";
				CLANG_CXX_LIBRARY = "libc++";
				CLANG_ENABLE_MODULES = YES;
				CLANG_ENABLE_OBJC_ARC = YES;
				CLANG_ENABLE_OBJC_WEAK = YES;
				CLANG_WARN_BLOCK_CAPTURE_AUTORELEASING = YES;
				CLANG_WARN_BOOL_CONVERSION = YES;
				CLANG_WARN_COMMA = YES;
				CLANG_WARN_CONSTANT_CONVERSION = YES;
				CLANG_WARN_DEPRECATED_OBJC_IMPLEMENTATIONS = YES;
				CLANG_WARN_DIRECT_OBJC_ISA_USAGE = YES_ERROR;
				CLANG_WARN_DOCUMENTATION_COMMENTS = YES;
				CLANG_WARN_EMPTY_BODY = YES;
				CLANG_WARN_ENUM_CONVERSION = YES;
				CLANG_WARN_INFINITE_RECURSION = YES;
				CLANG_WARN_INT_CONVERSION = YES;
				CLANG_WARN_NON_LITERAL_NULL_CONVERSION = YES;
				CLANG_WARN_OBJC_IMPLICIT_RETAIN_SELF = YES;
				CLANG_WARN_OBJC_LITERAL_CONVERSION = YES;
				CLANG_WARN_OBJC_ROOT_CLASS = YES_ERROR;
				CLANG_WARN_QUOTED_INCLUDE_IN_FRAMEWORK_HEADER = YES;
				CLANG_WARN_RANGE_LOOP_ANALYSIS = YES;
				CLANG_WARN_STRICT_PROTOTYPES = YES;
				CLANG_WARN_SUSPICIOUS_MOVE = YES;
				CLANG_WARN_UNGUARDED_AVAILABILITY = YES_AGGRESSIVE;
				CLANG_WARN_UNREACHABLE_CODE = YES;
				CLANG_WARN__DUPLICATE_METHOD_MATCH = YES;
				COPY_PHASE_STRIP = NO;
				DEBUG_INFORMATION_FORMAT = "dwarf-with-dsym";
				ENABLE_NS_ASSERTIONS = NO;
				ENABLE_STRICT_OBJC_MSGSEND = YES;
				GCC_C_LANGUAGE_STANDARD = gnu11;
				GCC_NO_COMMON_BLOCKS = YES;
				GCC_WARN_64_TO_32_BIT_CONVERSION = YES;
				GCC_WARN_ABOUT_RETURN_TYPE = YES_ERROR;
				GCC_WARN_UNDECLARED_SELECTOR = YES;
				GCC_WARN_UNINITIALIZED_AUTOS = YES_AGGRESSIVE;
				GCC_WARN_UNUSED_FUNCTION = YES;
				GCC_WARN_UNUSED_VARIABLE = YES;
				IPHONEOS_DEPLOYMENT_TARGET = 14.0;
				MTL_ENABLE_DEBUG_INFO = NO;
				MTL_FAST_MATH = YES;
				SDKROOT = iphoneos;
				SWIFT_COMPILATION_MODE = wholemodule;
				SWIFT_OPTIMIZATION_LEVEL = "-O";
				VALIDATE_PRODUCT = YES;
			};
			name = Release;
		};
		D6B2CCBB24B00BF100C6B27C /* Debug */ = {
			isa = XCBuildConfiguration;
			buildSettings = {
				ALWAYS_EMBED_SWIFT_STANDARD_LIBRARIES = YES;
				ASSETCATALOG_COMPILER_APPICON_NAME = AppIcon;
				ASSETCATALOG_COMPILER_GLOBAL_ACCENT_COLOR_NAME = AccentColor;
				CODE_SIGN_STYLE = Automatic;
				DEVELOPMENT_ASSET_PATHS = "\"AnimalGallery/Preview Content\"";
				DEVELOPMENT_TEAM = L8VFCZLW2Z;
				ENABLE_PREVIEWS = YES;
				INFOPLIST_FILE = AnimalGallery/Info.plist;
				IPHONEOS_DEPLOYMENT_TARGET = 14.0;
				LD_RUNPATH_SEARCH_PATHS = (
					"$(inherited)",
					"@executable_path/Frameworks",
				);
				PRODUCT_BUNDLE_IDENTIFIER = shiz.sample.AnimalGallery;
				PRODUCT_NAME = "$(TARGET_NAME)";
				SWIFT_VERSION = 5.0;
				TARGETED_DEVICE_FAMILY = "1,2";
			};
			name = Debug;
		};
		D6B2CCBC24B00BF100C6B27C /* Release */ = {
			isa = XCBuildConfiguration;
			buildSettings = {
				ALWAYS_EMBED_SWIFT_STANDARD_LIBRARIES = YES;
				ASSETCATALOG_COMPILER_APPICON_NAME = AppIcon;
				ASSETCATALOG_COMPILER_GLOBAL_ACCENT_COLOR_NAME = AccentColor;
				CODE_SIGN_STYLE = Automatic;
				DEVELOPMENT_ASSET_PATHS = "\"AnimalGallery/Preview Content\"";
				DEVELOPMENT_TEAM = L8VFCZLW2Z;
				ENABLE_PREVIEWS = YES;
				INFOPLIST_FILE = AnimalGallery/Info.plist;
				IPHONEOS_DEPLOYMENT_TARGET = 14.0;
				LD_RUNPATH_SEARCH_PATHS = (
					"$(inherited)",
					"@executable_path/Frameworks",
				);
				PRODUCT_BUNDLE_IDENTIFIER = shiz.sample.AnimalGallery;
				PRODUCT_NAME = "$(TARGET_NAME)";
				SWIFT_VERSION = 5.0;
				TARGETED_DEVICE_FAMILY = "1,2";
			};
			name = Release;
		};
/* End XCBuildConfiguration section */

/* Begin XCConfigurationList section */
		D605CC7A24B1CADE00C2DA6D /* Build configuration list for PBXNativeTarget "DogWidgetGalleryIntentHandler" */ = {
			isa = XCConfigurationList;
			buildConfigurations = (
				D605CC7824B1CADE00C2DA6D /* Debug */,
				D605CC7924B1CADE00C2DA6D /* Release */,
			);
			defaultConfigurationIsVisible = 0;
			defaultConfigurationName = Release;
		};
		D636CC4C24B06757008B5685 /* Build configuration list for PBXNativeTarget "AnimalGalleryWidgetExtension" */ = {
			isa = XCConfigurationList;
			buildConfigurations = (
				D636CC4D24B06757008B5685 /* Debug */,
				D636CC4E24B06757008B5685 /* Release */,
			);
			defaultConfigurationIsVisible = 0;
			defaultConfigurationName = Release;
		};
		D67B567224B7EC6A00FAD694 /* Build configuration list for PBXNativeTarget "CatGalleryWidgetIntentHandler" */ = {
			isa = XCConfigurationList;
			buildConfigurations = (
				D67B567324B7EC6A00FAD694 /* Debug */,
				D67B567424B7EC6A00FAD694 /* Release */,
			);
			defaultConfigurationIsVisible = 0;
			defaultConfigurationName = Release;
		};
		D6B2CCA624B00BF000C6B27C /* Build configuration list for PBXProject "AnimalGallery" */ = {
			isa = XCConfigurationList;
			buildConfigurations = (
				D6B2CCB824B00BF100C6B27C /* Debug */,
				D6B2CCB924B00BF100C6B27C /* Release */,
			);
			defaultConfigurationIsVisible = 0;
			defaultConfigurationName = Release;
		};
		D6B2CCBA24B00BF100C6B27C /* Build configuration list for PBXNativeTarget "AnimalGallery" */ = {
			isa = XCConfigurationList;
			buildConfigurations = (
				D6B2CCBB24B00BF100C6B27C /* Debug */,
				D6B2CCBC24B00BF100C6B27C /* Release */,
			);
			defaultConfigurationIsVisible = 0;
			defaultConfigurationName = Release;
		};
/* End XCConfigurationList section */
	};
	rootObject = D6B2CCA324B00BF000C6B27C /* Project object */;
}
