// !$*UTF8*$!
{
	archiveVersion = 1;
	classes = {
	};
	objectVersion = 50;
	objects = {

/* Begin PBXBuildFile section */
		D605CC7324B1CADD00C2DA6D /* IntentHandler.swift in Sources */ = {isa = PBXBuildFile; fileRef = D605CC7224B1CADD00C2DA6D /* IntentHandler.swift */; };
		D605CC7724B1CADE00C2DA6D /* AnimalGalleryIntentHandler.appex in Embed App Extensions */ = {isa = PBXBuildFile; fileRef = D605CC7024B1CADD00C2DA6D /* AnimalGalleryIntentHandler.appex */; settings = {ATTRIBUTES = (RemoveHeadersOnCopy, ); }; };
		D605CC7D24B1CB2D00C2DA6D /* DynamicBreedSelection.intentdefinition in Sources */ = {isa = PBXBuildFile; fileRef = D605CC7B24B1CB2D00C2DA6D /* DynamicBreedSelection.intentdefinition */; };
		D605CC8024B1CCD100C2DA6D /* BreedListLoader.swift in Sources */ = {isa = PBXBuildFile; fileRef = D605CC7E24B1CCD100C2DA6D /* BreedListLoader.swift */; };
		D605CC8124B1CD1D00C2DA6D /* String+.swift in Sources */ = {isa = PBXBuildFile; fileRef = D636CC3724B06424008B5685 /* String+.swift */; };
		D605CC8224B1CD1D00C2DA6D /* SharedTypes.swift in Sources */ = {isa = PBXBuildFile; fileRef = D636CC6024B10DCD008B5685 /* SharedTypes.swift */; };
		D605CC8324B1CD1D00C2DA6D /* SharedVariables.swift in Sources */ = {isa = PBXBuildFile; fileRef = D636CC6324B10DF4008B5685 /* SharedVariables.swift */; };
		D605CC8424B1CD1D00C2DA6D /* StrokeText.swift in Sources */ = {isa = PBXBuildFile; fileRef = D636CC6724B118A9008B5685 /* StrokeText.swift */; };
		D605CC8624B1D20E00C2DA6D /* DynamicBreedSelection.intentdefinition in Sources */ = {isa = PBXBuildFile; fileRef = D605CC7B24B1CB2D00C2DA6D /* DynamicBreedSelection.intentdefinition */; };
		D605CC8824B1E0C400C2DA6D /* DynamicBreedSelection.intentdefinition in Sources */ = {isa = PBXBuildFile; fileRef = D605CC7B24B1CB2D00C2DA6D /* DynamicBreedSelection.intentdefinition */; };
		D605CC8924B26E2100C2DA6D /* Breed.swift in Sources */ = {isa = PBXBuildFile; fileRef = D6B2CCBF24B00C3400C6B27C /* Breed.swift */; };
		D605CC8D24B270A500C2DA6D /* PlaceholderView.swift in Sources */ = {isa = PBXBuildFile; fileRef = D605CC8C24B270A500C2DA6D /* PlaceholderView.swift */; };
		D636CC3824B06424008B5685 /* String+.swift in Sources */ = {isa = PBXBuildFile; fileRef = D636CC3724B06424008B5685 /* String+.swift */; };
		D636CC4024B06756008B5685 /* WidgetKit.framework in Frameworks */ = {isa = PBXBuildFile; fileRef = D636CC3F24B06756008B5685 /* WidgetKit.framework */; };
		D636CC4224B06756008B5685 /* SwiftUI.framework in Frameworks */ = {isa = PBXBuildFile; fileRef = D636CC4124B06756008B5685 /* SwiftUI.framework */; };
		D636CC4524B06756008B5685 /* DogGalleryWidget.swift in Sources */ = {isa = PBXBuildFile; fileRef = D636CC4424B06756008B5685 /* DogGalleryWidget.swift */; };
		D636CC4724B06756008B5685 /* Assets.xcassets in Resources */ = {isa = PBXBuildFile; fileRef = D636CC4624B06756008B5685 /* Assets.xcassets */; };
		D636CC4B24B06756008B5685 /* AnimalGalleryWidgetExtension.appex in Embed App Extensions */ = {isa = PBXBuildFile; fileRef = D636CC3D24B06756008B5685 /* AnimalGalleryWidgetExtension.appex */; settings = {ATTRIBUTES = (RemoveHeadersOnCopy, ); }; };
		D636CC5024B0685C008B5685 /* DogImage.swift in Sources */ = {isa = PBXBuildFile; fileRef = D6B2CCBE24B00C3400C6B27C /* DogImage.swift */; };
		D636CC5624B06886008B5685 /* HTTPClientError.swift in Sources */ = {isa = PBXBuildFile; fileRef = D6B2CCD024B00C7900C6B27C /* HTTPClientError.swift */; };
		D636CC5724B06886008B5685 /* HTTPClient.swift in Sources */ = {isa = PBXBuildFile; fileRef = D6B2CCD224B00C7900C6B27C /* HTTPClient.swift */; };
		D636CC5824B06886008B5685 /* Response.swift in Sources */ = {isa = PBXBuildFile; fileRef = D6B2CCD324B00C7900C6B27C /* Response.swift */; };
		D636CC5924B06886008B5685 /* URLSessionHTTPClient.swift in Sources */ = {isa = PBXBuildFile; fileRef = D6B2CCD124B00C7900C6B27C /* URLSessionHTTPClient.swift */; };
		D636CC5B24B068A4008B5685 /* Breed.swift in Sources */ = {isa = PBXBuildFile; fileRef = D6B2CCBF24B00C3400C6B27C /* Breed.swift */; };
		D636CC5E24B06F7A008B5685 /* DogImageLoader.swift in Sources */ = {isa = PBXBuildFile; fileRef = D636CC5C24B068CD008B5685 /* DogImageLoader.swift */; };
		D636CC6124B10DCD008B5685 /* SharedTypes.swift in Sources */ = {isa = PBXBuildFile; fileRef = D636CC6024B10DCD008B5685 /* SharedTypes.swift */; };
		D636CC6224B10DE1008B5685 /* SharedTypes.swift in Sources */ = {isa = PBXBuildFile; fileRef = D636CC6024B10DCD008B5685 /* SharedTypes.swift */; };
		D636CC6424B10DF4008B5685 /* SharedVariables.swift in Sources */ = {isa = PBXBuildFile; fileRef = D636CC6324B10DF4008B5685 /* SharedVariables.swift */; };
		D636CC6524B10E12008B5685 /* SharedVariables.swift in Sources */ = {isa = PBXBuildFile; fileRef = D636CC6324B10DF4008B5685 /* SharedVariables.swift */; };
		D636CC6624B110BE008B5685 /* String+.swift in Sources */ = {isa = PBXBuildFile; fileRef = D636CC3724B06424008B5685 /* String+.swift */; };
		D636CC6824B118A9008B5685 /* StrokeText.swift in Sources */ = {isa = PBXBuildFile; fileRef = D636CC6724B118A9008B5685 /* StrokeText.swift */; };
		D636CC6924B11955008B5685 /* StrokeText.swift in Sources */ = {isa = PBXBuildFile; fileRef = D636CC6724B118A9008B5685 /* StrokeText.swift */; };
		D636CC6C24B15033008B5685 /* LeftTimeTextView.swift in Sources */ = {isa = PBXBuildFile; fileRef = D636CC6A24B14F60008B5685 /* LeftTimeTextView.swift */; };
		D63C455724B019B800A0E152 /* DIContainer.swift in Sources */ = {isa = PBXBuildFile; fileRef = D63C455624B019B700A0E152 /* DIContainer.swift */; };
		D63C456424B0215300A0E152 /* Stubs.swift in Sources */ = {isa = PBXBuildFile; fileRef = D63C456324B0215300A0E152 /* Stubs.swift */; };
		D63C456B24B034DD00A0E152 /* DogImageView.swift in Sources */ = {isa = PBXBuildFile; fileRef = D63C456A24B034DD00A0E152 /* DogImageView.swift */; };
		D63C456D24B03CD000A0E152 /* DogImageGridView.swift in Sources */ = {isa = PBXBuildFile; fileRef = D63C456C24B03CD000A0E152 /* DogImageGridView.swift */; };
		D669BA6324B6AB7A00FCB69A /* dog.mp3 in Resources */ = {isa = PBXBuildFile; fileRef = D669BA6124B6AB7900FCB69A /* dog.mp3 */; };
		D669BA6424B6AB7A00FCB69A /* cat.mp3 in Resources */ = {isa = PBXBuildFile; fileRef = D669BA6224B6AB7900FCB69A /* cat.mp3 */; };
		D67B138824B5073400A37BA9 /* CatGalleryWidget.swift in Sources */ = {isa = PBXBuildFile; fileRef = D67B138724B5073400A37BA9 /* CatGalleryWidget.swift */; };
		D67B138C24B5084D00A37BA9 /* CatImageLoader.swift in Sources */ = {isa = PBXBuildFile; fileRef = D67B138B24B5084D00A37BA9 /* CatImageLoader.swift */; };
		D6982E6424B656FB0037305E /* ImageEntry.swift in Sources */ = {isa = PBXBuildFile; fileRef = D6982E6324B656FB0037305E /* ImageEntry.swift */; };
		D6982E6624B659290037305E /* ImageTimeline.swift in Sources */ = {isa = PBXBuildFile; fileRef = D6982E6524B659290037305E /* ImageTimeline.swift */; };
		D6982E6824B65C3A0037305E /* WidgetEntryView.swift in Sources */ = {isa = PBXBuildFile; fileRef = D6982E6724B65C3A0037305E /* WidgetEntryView.swift */; };
		D6982E6A24B65CDC0037305E /* AnimalBundle.swift in Sources */ = {isa = PBXBuildFile; fileRef = D6982E6924B65CDC0037305E /* AnimalBundle.swift */; };
		D6982E6C24B65D3A0037305E /* WidgetImage.swift in Sources */ = {isa = PBXBuildFile; fileRef = D6982E6B24B65D3A0037305E /* WidgetImage.swift */; };
		D6B2CCAF24B00BF000C6B27C /* DogGalleryApp.swift in Sources */ = {isa = PBXBuildFile; fileRef = D6B2CCAE24B00BF000C6B27C /* DogGalleryApp.swift */; };
		D6B2CCB324B00BF100C6B27C /* Assets.xcassets in Resources */ = {isa = PBXBuildFile; fileRef = D6B2CCB224B00BF100C6B27C /* Assets.xcassets */; };
		D6B2CCB624B00BF100C6B27C /* Preview Assets.xcassets in Resources */ = {isa = PBXBuildFile; fileRef = D6B2CCB524B00BF100C6B27C /* Preview Assets.xcassets */; };
		D6B2CCC024B00C3400C6B27C /* DogImage.swift in Sources */ = {isa = PBXBuildFile; fileRef = D6B2CCBE24B00C3400C6B27C /* DogImage.swift */; };
		D6B2CCC124B00C3400C6B27C /* Breed.swift in Sources */ = {isa = PBXBuildFile; fileRef = D6B2CCBF24B00C3400C6B27C /* Breed.swift */; };
		D6B2CCC924B00C6C00C6B27C /* ImageDataWebLoader.swift in Sources */ = {isa = PBXBuildFile; fileRef = D6B2CCC324B00C6C00C6B27C /* ImageDataWebLoader.swift */; };
		D6B2CCCA24B00C6C00C6B27C /* DogWebAPI.swift in Sources */ = {isa = PBXBuildFile; fileRef = D6B2CCC424B00C6C00C6B27C /* DogWebAPI.swift */; };
		D6B2CCCB24B00C6C00C6B27C /* DogImageListLoader.swift in Sources */ = {isa = PBXBuildFile; fileRef = D6B2CCC524B00C6C00C6B27C /* DogImageListLoader.swift */; };
		D6B2CCCC24B00C6C00C6B27C /* BreedListLoader.swift in Sources */ = {isa = PBXBuildFile; fileRef = D6B2CCC624B00C6C00C6B27C /* BreedListLoader.swift */; };
		D6B2CCCD24B00C6C00C6B27C /* ImageDataLoader.swift in Sources */ = {isa = PBXBuildFile; fileRef = D6B2CCC724B00C6C00C6B27C /* ImageDataLoader.swift */; };
		D6B2CCCE24B00C6C00C6B27C /* WebAPI.swift in Sources */ = {isa = PBXBuildFile; fileRef = D6B2CCC824B00C6C00C6B27C /* WebAPI.swift */; };
		D6B2CCD424B00C7900C6B27C /* HTTPClientError.swift in Sources */ = {isa = PBXBuildFile; fileRef = D6B2CCD024B00C7900C6B27C /* HTTPClientError.swift */; };
		D6B2CCD524B00C7900C6B27C /* URLSessionHTTPClient.swift in Sources */ = {isa = PBXBuildFile; fileRef = D6B2CCD124B00C7900C6B27C /* URLSessionHTTPClient.swift */; };
		D6B2CCD624B00C7900C6B27C /* HTTPClient.swift in Sources */ = {isa = PBXBuildFile; fileRef = D6B2CCD224B00C7900C6B27C /* HTTPClient.swift */; };
		D6B2CCD724B00C7900C6B27C /* Response.swift in Sources */ = {isa = PBXBuildFile; fileRef = D6B2CCD324B00C7900C6B27C /* Response.swift */; };
		D6B2CCDA24B0114C00C6B27C /* BreedListView.swift in Sources */ = {isa = PBXBuildFile; fileRef = D6B2CCD924B0114C00C6B27C /* BreedListView.swift */; };
		D6B2CCDC24B011C000C6B27C /* BreedRow.swift in Sources */ = {isa = PBXBuildFile; fileRef = D6B2CCDB24B011C000C6B27C /* BreedRow.swift */; };
/* End PBXBuildFile section */

/* Begin PBXContainerItemProxy section */
		D605CC7524B1CADE00C2DA6D /* PBXContainerItemProxy */ = {
			isa = PBXContainerItemProxy;
			containerPortal = D6B2CCA324B00BF000C6B27C /* Project object */;
			proxyType = 1;
			remoteGlobalIDString = D605CC6F24B1CADD00C2DA6D;
			remoteInfo = DogGalleryIntentHandler;
		};
		D636CC4924B06756008B5685 /* PBXContainerItemProxy */ = {
			isa = PBXContainerItemProxy;
			containerPortal = D6B2CCA324B00BF000C6B27C /* Project object */;
			proxyType = 1;
			remoteGlobalIDString = D636CC3C24B06756008B5685;
			remoteInfo = DogGalleryWidgetExtension;
		};
/* End PBXContainerItemProxy section */

/* Begin PBXCopyFilesBuildPhase section */
		D636CC4F24B06757008B5685 /* Embed App Extensions */ = {
			isa = PBXCopyFilesBuildPhase;
			buildActionMask = 2147483647;
			dstPath = "";
			dstSubfolderSpec = 13;
			files = (
				D636CC4B24B06756008B5685 /* AnimalGalleryWidgetExtension.appex in Embed App Extensions */,
				D605CC7724B1CADE00C2DA6D /* AnimalGalleryIntentHandler.appex in Embed App Extensions */,
			);
			name = "Embed App Extensions";
			runOnlyForDeploymentPostprocessing = 0;
		};
/* End PBXCopyFilesBuildPhase section */

/* Begin PBXFileReference section */
		D605CC7024B1CADD00C2DA6D /* AnimalGalleryIntentHandler.appex */ = {isa = PBXFileReference; explicitFileType = "wrapper.app-extension"; includeInIndex = 0; path = AnimalGalleryIntentHandler.appex; sourceTree = BUILT_PRODUCTS_DIR; };
		D605CC7224B1CADD00C2DA6D /* IntentHandler.swift */ = {isa = PBXFileReference; lastKnownFileType = sourcecode.swift; path = IntentHandler.swift; sourceTree = "<group>"; };
		D605CC7424B1CADE00C2DA6D /* Info.plist */ = {isa = PBXFileReference; lastKnownFileType = text.plist.xml; path = Info.plist; sourceTree = "<group>"; };
		D605CC7B24B1CB2D00C2DA6D /* DynamicBreedSelection.intentdefinition */ = {isa = PBXFileReference; lastKnownFileType = file.intentdefinition; path = DynamicBreedSelection.intentdefinition; sourceTree = "<group>"; };
		D605CC7E24B1CCD100C2DA6D /* BreedListLoader.swift */ = {isa = PBXFileReference; lastKnownFileType = sourcecode.swift; path = BreedListLoader.swift; sourceTree = "<group>"; };
		D605CC8C24B270A500C2DA6D /* PlaceholderView.swift */ = {isa = PBXFileReference; lastKnownFileType = sourcecode.swift; path = PlaceholderView.swift; sourceTree = "<group>"; };
		D636CC3724B06424008B5685 /* String+.swift */ = {isa = PBXFileReference; lastKnownFileType = sourcecode.swift; path = "String+.swift"; sourceTree = "<group>"; };
		D636CC3D24B06756008B5685 /* AnimalGalleryWidgetExtension.appex */ = {isa = PBXFileReference; explicitFileType = "wrapper.app-extension"; includeInIndex = 0; path = AnimalGalleryWidgetExtension.appex; sourceTree = BUILT_PRODUCTS_DIR; };
		D636CC3F24B06756008B5685 /* WidgetKit.framework */ = {isa = PBXFileReference; lastKnownFileType = wrapper.framework; name = WidgetKit.framework; path = System/Library/Frameworks/WidgetKit.framework; sourceTree = SDKROOT; };
		D636CC4124B06756008B5685 /* SwiftUI.framework */ = {isa = PBXFileReference; lastKnownFileType = wrapper.framework; name = SwiftUI.framework; path = System/Library/Frameworks/SwiftUI.framework; sourceTree = SDKROOT; };
		D636CC4424B06756008B5685 /* DogGalleryWidget.swift */ = {isa = PBXFileReference; lastKnownFileType = sourcecode.swift; path = DogGalleryWidget.swift; sourceTree = "<group>"; };
		D636CC4624B06756008B5685 /* Assets.xcassets */ = {isa = PBXFileReference; lastKnownFileType = folder.assetcatalog; path = Assets.xcassets; sourceTree = "<group>"; };
		D636CC4824B06756008B5685 /* Info.plist */ = {isa = PBXFileReference; lastKnownFileType = text.plist.xml; path = Info.plist; sourceTree = "<group>"; };
		D636CC5C24B068CD008B5685 /* DogImageLoader.swift */ = {isa = PBXFileReference; lastKnownFileType = sourcecode.swift; path = DogImageLoader.swift; sourceTree = "<group>"; };
		D636CC6024B10DCD008B5685 /* SharedTypes.swift */ = {isa = PBXFileReference; lastKnownFileType = sourcecode.swift; path = SharedTypes.swift; sourceTree = "<group>"; };
		D636CC6324B10DF4008B5685 /* SharedVariables.swift */ = {isa = PBXFileReference; lastKnownFileType = sourcecode.swift; path = SharedVariables.swift; sourceTree = "<group>"; };
		D636CC6724B118A9008B5685 /* StrokeText.swift */ = {isa = PBXFileReference; lastKnownFileType = sourcecode.swift; path = StrokeText.swift; sourceTree = "<group>"; };
		D636CC6A24B14F60008B5685 /* LeftTimeTextView.swift */ = {isa = PBXFileReference; lastKnownFileType = sourcecode.swift; path = LeftTimeTextView.swift; sourceTree = "<group>"; };
		D63C455624B019B700A0E152 /* DIContainer.swift */ = {isa = PBXFileReference; fileEncoding = 4; lastKnownFileType = sourcecode.swift; path = DIContainer.swift; sourceTree = "<group>"; };
		D63C456324B0215300A0E152 /* Stubs.swift */ = {isa = PBXFileReference; lastKnownFileType = sourcecode.swift; path = Stubs.swift; sourceTree = "<group>"; };
		D63C456A24B034DD00A0E152 /* DogImageView.swift */ = {isa = PBXFileReference; lastKnownFileType = sourcecode.swift; path = DogImageView.swift; sourceTree = "<group>"; };
		D63C456C24B03CD000A0E152 /* DogImageGridView.swift */ = {isa = PBXFileReference; lastKnownFileType = sourcecode.swift; path = DogImageGridView.swift; sourceTree = "<group>"; };
		D669BA6124B6AB7900FCB69A /* dog.mp3 */ = {isa = PBXFileReference; lastKnownFileType = audio.mp3; path = dog.mp3; sourceTree = "<group>"; };
		D669BA6224B6AB7900FCB69A /* cat.mp3 */ = {isa = PBXFileReference; lastKnownFileType = audio.mp3; path = cat.mp3; sourceTree = "<group>"; };
		D67B138724B5073400A37BA9 /* CatGalleryWidget.swift */ = {isa = PBXFileReference; lastKnownFileType = sourcecode.swift; path = CatGalleryWidget.swift; sourceTree = "<group>"; };
		D67B138B24B5084D00A37BA9 /* CatImageLoader.swift */ = {isa = PBXFileReference; lastKnownFileType = sourcecode.swift; path = CatImageLoader.swift; sourceTree = "<group>"; };
		D6982E6324B656FB0037305E /* ImageEntry.swift */ = {isa = PBXFileReference; lastKnownFileType = sourcecode.swift; path = ImageEntry.swift; sourceTree = "<group>"; };
		D6982E6524B659290037305E /* ImageTimeline.swift */ = {isa = PBXFileReference; lastKnownFileType = sourcecode.swift; path = ImageTimeline.swift; sourceTree = "<group>"; };
		D6982E6724B65C3A0037305E /* WidgetEntryView.swift */ = {isa = PBXFileReference; lastKnownFileType = sourcecode.swift; path = WidgetEntryView.swift; sourceTree = "<group>"; };
		D6982E6924B65CDC0037305E /* AnimalBundle.swift */ = {isa = PBXFileReference; lastKnownFileType = sourcecode.swift; path = AnimalBundle.swift; sourceTree = "<group>"; };
		D6982E6B24B65D3A0037305E /* WidgetImage.swift */ = {isa = PBXFileReference; lastKnownFileType = sourcecode.swift; path = WidgetImage.swift; sourceTree = "<group>"; };
		D6B2CCAB24B00BF000C6B27C /* DogGallery.app */ = {isa = PBXFileReference; explicitFileType = wrapper.application; includeInIndex = 0; path = DogGallery.app; sourceTree = BUILT_PRODUCTS_DIR; };
		D6B2CCAE24B00BF000C6B27C /* DogGalleryApp.swift */ = {isa = PBXFileReference; lastKnownFileType = sourcecode.swift; path = DogGalleryApp.swift; sourceTree = "<group>"; };
		D6B2CCB224B00BF100C6B27C /* Assets.xcassets */ = {isa = PBXFileReference; lastKnownFileType = folder.assetcatalog; path = Assets.xcassets; sourceTree = "<group>"; };
		D6B2CCB524B00BF100C6B27C /* Preview Assets.xcassets */ = {isa = PBXFileReference; lastKnownFileType = folder.assetcatalog; path = "Preview Assets.xcassets"; sourceTree = "<group>"; };
		D6B2CCB724B00BF100C6B27C /* Info.plist */ = {isa = PBXFileReference; lastKnownFileType = text.plist.xml; path = Info.plist; sourceTree = "<group>"; };
		D6B2CCBE24B00C3400C6B27C /* DogImage.swift */ = {isa = PBXFileReference; fileEncoding = 4; lastKnownFileType = sourcecode.swift; path = DogImage.swift; sourceTree = "<group>"; };
		D6B2CCBF24B00C3400C6B27C /* Breed.swift */ = {isa = PBXFileReference; fileEncoding = 4; lastKnownFileType = sourcecode.swift; path = Breed.swift; sourceTree = "<group>"; };
		D6B2CCC324B00C6C00C6B27C /* ImageDataWebLoader.swift */ = {isa = PBXFileReference; fileEncoding = 4; lastKnownFileType = sourcecode.swift; path = ImageDataWebLoader.swift; sourceTree = "<group>"; };
		D6B2CCC424B00C6C00C6B27C /* DogWebAPI.swift */ = {isa = PBXFileReference; fileEncoding = 4; lastKnownFileType = sourcecode.swift; path = DogWebAPI.swift; sourceTree = "<group>"; };
		D6B2CCC524B00C6C00C6B27C /* DogImageListLoader.swift */ = {isa = PBXFileReference; fileEncoding = 4; lastKnownFileType = sourcecode.swift; path = DogImageListLoader.swift; sourceTree = "<group>"; };
		D6B2CCC624B00C6C00C6B27C /* BreedListLoader.swift */ = {isa = PBXFileReference; fileEncoding = 4; lastKnownFileType = sourcecode.swift; path = BreedListLoader.swift; sourceTree = "<group>"; };
		D6B2CCC724B00C6C00C6B27C /* ImageDataLoader.swift */ = {isa = PBXFileReference; fileEncoding = 4; lastKnownFileType = sourcecode.swift; path = ImageDataLoader.swift; sourceTree = "<group>"; };
		D6B2CCC824B00C6C00C6B27C /* WebAPI.swift */ = {isa = PBXFileReference; fileEncoding = 4; lastKnownFileType = sourcecode.swift; path = WebAPI.swift; sourceTree = "<group>"; };
		D6B2CCD024B00C7900C6B27C /* HTTPClientError.swift */ = {isa = PBXFileReference; fileEncoding = 4; lastKnownFileType = sourcecode.swift; path = HTTPClientError.swift; sourceTree = "<group>"; };
		D6B2CCD124B00C7900C6B27C /* URLSessionHTTPClient.swift */ = {isa = PBXFileReference; fileEncoding = 4; lastKnownFileType = sourcecode.swift; path = URLSessionHTTPClient.swift; sourceTree = "<group>"; };
		D6B2CCD224B00C7900C6B27C /* HTTPClient.swift */ = {isa = PBXFileReference; fileEncoding = 4; lastKnownFileType = sourcecode.swift; path = HTTPClient.swift; sourceTree = "<group>"; };
		D6B2CCD324B00C7900C6B27C /* Response.swift */ = {isa = PBXFileReference; fileEncoding = 4; lastKnownFileType = sourcecode.swift; path = Response.swift; sourceTree = "<group>"; };
		D6B2CCD924B0114C00C6B27C /* BreedListView.swift */ = {isa = PBXFileReference; lastKnownFileType = sourcecode.swift; path = BreedListView.swift; sourceTree = "<group>"; };
		D6B2CCDB24B011C000C6B27C /* BreedRow.swift */ = {isa = PBXFileReference; fileEncoding = 4; lastKnownFileType = sourcecode.swift; path = BreedRow.swift; sourceTree = "<group>"; };
/* End PBXFileReference section */

/* Begin PBXFrameworksBuildPhase section */
		D605CC6D24B1CADD00C2DA6D /* Frameworks */ = {
			isa = PBXFrameworksBuildPhase;
			buildActionMask = 2147483647;
			files = (
			);
			runOnlyForDeploymentPostprocessing = 0;
		};
		D636CC3A24B06756008B5685 /* Frameworks */ = {
			isa = PBXFrameworksBuildPhase;
			buildActionMask = 2147483647;
			files = (
				D636CC4224B06756008B5685 /* SwiftUI.framework in Frameworks */,
				D636CC4024B06756008B5685 /* WidgetKit.framework in Frameworks */,
			);
			runOnlyForDeploymentPostprocessing = 0;
		};
		D6B2CCA824B00BF000C6B27C /* Frameworks */ = {
			isa = PBXFrameworksBuildPhase;
			buildActionMask = 2147483647;
			files = (
			);
			runOnlyForDeploymentPostprocessing = 0;
		};
/* End PBXFrameworksBuildPhase section */

/* Begin PBXGroup section */
		D605CC7124B1CADD00C2DA6D /* AnimalGalleryIntentHandler */ = {
			isa = PBXGroup;
			children = (
				D605CC7E24B1CCD100C2DA6D /* BreedListLoader.swift */,
				D605CC7224B1CADD00C2DA6D /* IntentHandler.swift */,
				D605CC7424B1CADE00C2DA6D /* Info.plist */,
			);
			path = AnimalGalleryIntentHandler;
			sourceTree = "<group>";
		};
		D636CC3E24B06756008B5685 /* Frameworks */ = {
			isa = PBXGroup;
			children = (
				D636CC3F24B06756008B5685 /* WidgetKit.framework */,
				D636CC4124B06756008B5685 /* SwiftUI.framework */,
			);
			name = Frameworks;
			sourceTree = "<group>";
		};
		D636CC4324B06756008B5685 /* AnimalGalleryWidget */ = {
			isa = PBXGroup;
			children = (
				D669BA6224B6AB7900FCB69A /* cat.mp3 */,
				D669BA6124B6AB7900FCB69A /* dog.mp3 */,
				D605CC7B24B1CB2D00C2DA6D /* DynamicBreedSelection.intentdefinition */,
				D6982E6224B656CC0037305E /* cat */,
				D6982E6124B656B00037305E /* dog */,
				D636CC4624B06756008B5685 /* Assets.xcassets */,
				D636CC4824B06756008B5685 /* Info.plist */,
				D636CC6A24B14F60008B5685 /* LeftTimeTextView.swift */,
				D605CC8C24B270A500C2DA6D /* PlaceholderView.swift */,
				D6982E6324B656FB0037305E /* ImageEntry.swift */,
				D6982E6524B659290037305E /* ImageTimeline.swift */,
				D6982E6724B65C3A0037305E /* WidgetEntryView.swift */,
				D6982E6924B65CDC0037305E /* AnimalBundle.swift */,
				D6982E6B24B65D3A0037305E /* WidgetImage.swift */,
			);
			path = AnimalGalleryWidget;
			sourceTree = "<group>";
		};
		D636CC5F24B10DBA008B5685 /* Shared */ = {
			isa = PBXGroup;
			children = (
				D636CC3724B06424008B5685 /* String+.swift */,
				D636CC6024B10DCD008B5685 /* SharedTypes.swift */,
				D636CC6324B10DF4008B5685 /* SharedVariables.swift */,
				D636CC6724B118A9008B5685 /* StrokeText.swift */,
				D6B2CCBF24B00C3400C6B27C /* Breed.swift */,
				D6B2CCBE24B00C3400C6B27C /* DogImage.swift */,
			);
			path = Shared;
			sourceTree = "<group>";
		};
		D63C456924B0345700A0E152 /* DogImageGrid */ = {
			isa = PBXGroup;
			children = (
				D63C456A24B034DD00A0E152 /* DogImageView.swift */,
				D63C456C24B03CD000A0E152 /* DogImageGridView.swift */,
			);
			path = DogImageGrid;
			sourceTree = "<group>";
		};
		D6982E6124B656B00037305E /* dog */ = {
			isa = PBXGroup;
			children = (
				D636CC4424B06756008B5685 /* DogGalleryWidget.swift */,
				D636CC5C24B068CD008B5685 /* DogImageLoader.swift */,
			);
			path = dog;
			sourceTree = "<group>";
		};
		D6982E6224B656CC0037305E /* cat */ = {
			isa = PBXGroup;
			children = (
				D67B138724B5073400A37BA9 /* CatGalleryWidget.swift */,
				D67B138B24B5084D00A37BA9 /* CatImageLoader.swift */,
			);
			path = cat;
			sourceTree = "<group>";
		};
		D6B2CCA224B00BF000C6B27C = {
			isa = PBXGroup;
			children = (
				D6B2CCAD24B00BF000C6B27C /* DogGallery */,
				D636CC4324B06756008B5685 /* AnimalGalleryWidget */,
				D605CC7124B1CADD00C2DA6D /* AnimalGalleryIntentHandler */,
				D636CC3E24B06756008B5685 /* Frameworks */,
				D6B2CCAC24B00BF000C6B27C /* Products */,
			);
			sourceTree = "<group>";
		};
		D6B2CCAC24B00BF000C6B27C /* Products */ = {
			isa = PBXGroup;
			children = (
				D6B2CCAB24B00BF000C6B27C /* DogGallery.app */,
				D636CC3D24B06756008B5685 /* AnimalGalleryWidgetExtension.appex */,
				D605CC7024B1CADD00C2DA6D /* AnimalGalleryIntentHandler.appex */,
			);
			name = Products;
			sourceTree = "<group>";
		};
		D6B2CCAD24B00BF000C6B27C /* DogGallery */ = {
			isa = PBXGroup;
			children = (
				D636CC5F24B10DBA008B5685 /* Shared */,
				D63C456924B0345700A0E152 /* DogImageGrid */,
				D63C455624B019B700A0E152 /* DIContainer.swift */,
				D6B2CCD824B0113200C6B27C /* BreedList */,
				D6B2CCCF24B00C7900C6B27C /* HTTPClient */,
				D6B2CCC224B00C6C00C6B27C /* WebAPI */,
				D6B2CCAE24B00BF000C6B27C /* DogGalleryApp.swift */,
				D6B2CCB224B00BF100C6B27C /* Assets.xcassets */,
				D6B2CCB724B00BF100C6B27C /* Info.plist */,
				D6B2CCB424B00BF100C6B27C /* Preview Content */,
			);
			path = DogGallery;
			sourceTree = "<group>";
		};
		D6B2CCB424B00BF100C6B27C /* Preview Content */ = {
			isa = PBXGroup;
			children = (
				D6B2CCB524B00BF100C6B27C /* Preview Assets.xcassets */,
			);
			path = "Preview Content";
			sourceTree = "<group>";
		};
		D6B2CCC224B00C6C00C6B27C /* WebAPI */ = {
			isa = PBXGroup;
			children = (
				D6B2CCC324B00C6C00C6B27C /* ImageDataWebLoader.swift */,
				D6B2CCC424B00C6C00C6B27C /* DogWebAPI.swift */,
				D6B2CCC524B00C6C00C6B27C /* DogImageListLoader.swift */,
				D6B2CCC624B00C6C00C6B27C /* BreedListLoader.swift */,
				D6B2CCC724B00C6C00C6B27C /* ImageDataLoader.swift */,
				D6B2CCC824B00C6C00C6B27C /* WebAPI.swift */,
				D63C456324B0215300A0E152 /* Stubs.swift */,
			);
			path = WebAPI;
			sourceTree = "<group>";
		};
		D6B2CCCF24B00C7900C6B27C /* HTTPClient */ = {
			isa = PBXGroup;
			children = (
				D6B2CCD024B00C7900C6B27C /* HTTPClientError.swift */,
				D6B2CCD124B00C7900C6B27C /* URLSessionHTTPClient.swift */,
				D6B2CCD224B00C7900C6B27C /* HTTPClient.swift */,
				D6B2CCD324B00C7900C6B27C /* Response.swift */,
			);
			path = HTTPClient;
			sourceTree = "<group>";
		};
		D6B2CCD824B0113200C6B27C /* BreedList */ = {
			isa = PBXGroup;
			children = (
				D6B2CCDB24B011C000C6B27C /* BreedRow.swift */,
				D6B2CCD924B0114C00C6B27C /* BreedListView.swift */,
			);
			path = BreedList;
			sourceTree = "<group>";
		};
/* End PBXGroup section */

/* Begin PBXNativeTarget section */
		D605CC6F24B1CADD00C2DA6D /* AnimalGalleryIntentHandler */ = {
			isa = PBXNativeTarget;
			buildConfigurationList = D605CC7A24B1CADE00C2DA6D /* Build configuration list for PBXNativeTarget "AnimalGalleryIntentHandler" */;
			buildPhases = (
				D605CC6C24B1CADD00C2DA6D /* Sources */,
				D605CC6D24B1CADD00C2DA6D /* Frameworks */,
				D605CC6E24B1CADD00C2DA6D /* Resources */,
			);
			buildRules = (
			);
			dependencies = (
			);
			name = AnimalGalleryIntentHandler;
			productName = DogGalleryIntentHandler;
			productReference = D605CC7024B1CADD00C2DA6D /* AnimalGalleryIntentHandler.appex */;
			productType = "com.apple.product-type.app-extension";
		};
		D636CC3C24B06756008B5685 /* AnimalGalleryWidgetExtension */ = {
			isa = PBXNativeTarget;
			buildConfigurationList = D636CC4C24B06757008B5685 /* Build configuration list for PBXNativeTarget "AnimalGalleryWidgetExtension" */;
			buildPhases = (
				D636CC3924B06756008B5685 /* Sources */,
				D636CC3A24B06756008B5685 /* Frameworks */,
				D636CC3B24B06756008B5685 /* Resources */,
			);
			buildRules = (
			);
			dependencies = (
			);
			name = AnimalGalleryWidgetExtension;
			productName = DogGalleryWidgetExtension;
			productReference = D636CC3D24B06756008B5685 /* AnimalGalleryWidgetExtension.appex */;
			productType = "com.apple.product-type.app-extension";
		};
		D6B2CCAA24B00BF000C6B27C /* DogGallery */ = {
			isa = PBXNativeTarget;
			buildConfigurationList = D6B2CCBA24B00BF100C6B27C /* Build configuration list for PBXNativeTarget "DogGallery" */;
			buildPhases = (
				D6B2CCA724B00BF000C6B27C /* Sources */,
				D6B2CCA824B00BF000C6B27C /* Frameworks */,
				D6B2CCA924B00BF000C6B27C /* Resources */,
				D636CC4F24B06757008B5685 /* Embed App Extensions */,
			);
			buildRules = (
			);
			dependencies = (
				D636CC4A24B06756008B5685 /* PBXTargetDependency */,
				D605CC7624B1CADE00C2DA6D /* PBXTargetDependency */,
			);
			name = DogGallery;
			productName = DogGallery;
			productReference = D6B2CCAB24B00BF000C6B27C /* DogGallery.app */;
			productType = "com.apple.product-type.application";
		};
/* End PBXNativeTarget section */

/* Begin PBXProject section */
		D6B2CCA324B00BF000C6B27C /* Project object */ = {
			isa = PBXProject;
			attributes = {
				LastSwiftUpdateCheck = 1200;
				LastUpgradeCheck = 1200;
				TargetAttributes = {
					D605CC6F24B1CADD00C2DA6D = {
						CreatedOnToolsVersion = 12.0;
					};
					D636CC3C24B06756008B5685 = {
						CreatedOnToolsVersion = 12.0;
					};
					D6B2CCAA24B00BF000C6B27C = {
						CreatedOnToolsVersion = 12.0;
					};
				};
			};
			buildConfigurationList = D6B2CCA624B00BF000C6B27C /* Build configuration list for PBXProject "DogGallery" */;
			compatibilityVersion = "Xcode 9.3";
			developmentRegion = en;
			hasScannedForEncodings = 0;
			knownRegions = (
				en,
				Base,
			);
			mainGroup = D6B2CCA224B00BF000C6B27C;
			productRefGroup = D6B2CCAC24B00BF000C6B27C /* Products */;
			projectDirPath = "";
			projectRoot = "";
			targets = (
				D6B2CCAA24B00BF000C6B27C /* DogGallery */,
				D636CC3C24B06756008B5685 /* AnimalGalleryWidgetExtension */,
				D605CC6F24B1CADD00C2DA6D /* AnimalGalleryIntentHandler */,
			);
		};
/* End PBXProject section */

/* Begin PBXResourcesBuildPhase section */
		D605CC6E24B1CADD00C2DA6D /* Resources */ = {
			isa = PBXResourcesBuildPhase;
			buildActionMask = 2147483647;
			files = (
			);
			runOnlyForDeploymentPostprocessing = 0;
		};
		D636CC3B24B06756008B5685 /* Resources */ = {
			isa = PBXResourcesBuildPhase;
			buildActionMask = 2147483647;
			files = (
				D669BA6424B6AB7A00FCB69A /* cat.mp3 in Resources */,
				D636CC4724B06756008B5685 /* Assets.xcassets in Resources */,
				D669BA6324B6AB7A00FCB69A /* dog.mp3 in Resources */,
			);
			runOnlyForDeploymentPostprocessing = 0;
		};
		D6B2CCA924B00BF000C6B27C /* Resources */ = {
			isa = PBXResourcesBuildPhase;
			buildActionMask = 2147483647;
			files = (
				D6B2CCB624B00BF100C6B27C /* Preview Assets.xcassets in Resources */,
				D6B2CCB324B00BF100C6B27C /* Assets.xcassets in Resources */,
			);
			runOnlyForDeploymentPostprocessing = 0;
		};
/* End PBXResourcesBuildPhase section */

/* Begin PBXSourcesBuildPhase section */
		D605CC6C24B1CADD00C2DA6D /* Sources */ = {
			isa = PBXSourcesBuildPhase;
			buildActionMask = 2147483647;
			files = (
				D605CC8924B26E2100C2DA6D /* Breed.swift in Sources */,
				D605CC8424B1CD1D00C2DA6D /* StrokeText.swift in Sources */,
				D605CC8324B1CD1D00C2DA6D /* SharedVariables.swift in Sources */,
				D605CC7D24B1CB2D00C2DA6D /* DynamicBreedSelection.intentdefinition in Sources */,
				D605CC7324B1CADD00C2DA6D /* IntentHandler.swift in Sources */,
				D605CC8124B1CD1D00C2DA6D /* String+.swift in Sources */,
				D605CC8224B1CD1D00C2DA6D /* SharedTypes.swift in Sources */,
				D605CC8024B1CCD100C2DA6D /* BreedListLoader.swift in Sources */,
			);
			runOnlyForDeploymentPostprocessing = 0;
		};
		D636CC3924B06756008B5685 /* Sources */ = {
			isa = PBXSourcesBuildPhase;
			buildActionMask = 2147483647;
			files = (
				D636CC6524B10E12008B5685 /* SharedVariables.swift in Sources */,
				D6982E6624B659290037305E /* ImageTimeline.swift in Sources */,
				D636CC6C24B15033008B5685 /* LeftTimeTextView.swift in Sources */,
				D636CC5B24B068A4008B5685 /* Breed.swift in Sources */,
				D6982E6424B656FB0037305E /* ImageEntry.swift in Sources */,
				D636CC5624B06886008B5685 /* HTTPClientError.swift in Sources */,
				D605CC8624B1D20E00C2DA6D /* DynamicBreedSelection.intentdefinition in Sources */,
				D67B138824B5073400A37BA9 /* CatGalleryWidget.swift in Sources */,
				D636CC5E24B06F7A008B5685 /* DogImageLoader.swift in Sources */,
				D636CC6924B11955008B5685 /* StrokeText.swift in Sources */,
				D636CC6224B10DE1008B5685 /* SharedTypes.swift in Sources */,
				D636CC5024B0685C008B5685 /* DogImage.swift in Sources */,
				D6982E6824B65C3A0037305E /* WidgetEntryView.swift in Sources */,
				D636CC5824B06886008B5685 /* Response.swift in Sources */,
				D6982E6C24B65D3A0037305E /* WidgetImage.swift in Sources */,
				D6982E6A24B65CDC0037305E /* AnimalBundle.swift in Sources */,
				D67B138C24B5084D00A37BA9 /* CatImageLoader.swift in Sources */,
				D636CC6624B110BE008B5685 /* String+.swift in Sources */,
				D636CC5924B06886008B5685 /* URLSessionHTTPClient.swift in Sources */,
				D636CC5724B06886008B5685 /* HTTPClient.swift in Sources */,
				D605CC8D24B270A500C2DA6D /* PlaceholderView.swift in Sources */,
				D636CC4524B06756008B5685 /* DogGalleryWidget.swift in Sources */,
			);
			runOnlyForDeploymentPostprocessing = 0;
		};
		D6B2CCA724B00BF000C6B27C /* Sources */ = {
			isa = PBXSourcesBuildPhase;
			buildActionMask = 2147483647;
			files = (
				D636CC6824B118A9008B5685 /* StrokeText.swift in Sources */,
				D6B2CCCD24B00C6C00C6B27C /* ImageDataLoader.swift in Sources */,
				D6B2CCD424B00C7900C6B27C /* HTTPClientError.swift in Sources */,
				D636CC6424B10DF4008B5685 /* SharedVariables.swift in Sources */,
				D636CC3824B06424008B5685 /* String+.swift in Sources */,
				D6B2CCD624B00C7900C6B27C /* HTTPClient.swift in Sources */,
				D63C456B24B034DD00A0E152 /* DogImageView.swift in Sources */,
				D6B2CCDC24B011C000C6B27C /* BreedRow.swift in Sources */,
				D6B2CCCA24B00C6C00C6B27C /* DogWebAPI.swift in Sources */,
				D6B2CCCB24B00C6C00C6B27C /* DogImageListLoader.swift in Sources */,
				D6B2CCC124B00C3400C6B27C /* Breed.swift in Sources */,
				D6B2CCD724B00C7900C6B27C /* Response.swift in Sources */,
				D605CC8824B1E0C400C2DA6D /* DynamicBreedSelection.intentdefinition in Sources */,
				D6B2CCC924B00C6C00C6B27C /* ImageDataWebLoader.swift in Sources */,
				D6B2CCCE24B00C6C00C6B27C /* WebAPI.swift in Sources */,
				D63C456D24B03CD000A0E152 /* DogImageGridView.swift in Sources */,
				D6B2CCCC24B00C6C00C6B27C /* BreedListLoader.swift in Sources */,
				D6B2CCDA24B0114C00C6B27C /* BreedListView.swift in Sources */,
				D6B2CCC024B00C3400C6B27C /* DogImage.swift in Sources */,
				D636CC6124B10DCD008B5685 /* SharedTypes.swift in Sources */,
				D6B2CCAF24B00BF000C6B27C /* DogGalleryApp.swift in Sources */,
				D63C455724B019B800A0E152 /* DIContainer.swift in Sources */,
				D6B2CCD524B00C7900C6B27C /* URLSessionHTTPClient.swift in Sources */,
				D63C456424B0215300A0E152 /* Stubs.swift in Sources */,
			);
			runOnlyForDeploymentPostprocessing = 0;
		};
/* End PBXSourcesBuildPhase section */

/* Begin PBXTargetDependency section */
		D605CC7624B1CADE00C2DA6D /* PBXTargetDependency */ = {
			isa = PBXTargetDependency;
			target = D605CC6F24B1CADD00C2DA6D /* AnimalGalleryIntentHandler */;
			targetProxy = D605CC7524B1CADE00C2DA6D /* PBXContainerItemProxy */;
		};
		D636CC4A24B06756008B5685 /* PBXTargetDependency */ = {
			isa = PBXTargetDependency;
			target = D636CC3C24B06756008B5685 /* AnimalGalleryWidgetExtension */;
			targetProxy = D636CC4924B06756008B5685 /* PBXContainerItemProxy */;
		};
/* End PBXTargetDependency section */

/* Begin XCBuildConfiguration section */
		D605CC7824B1CADE00C2DA6D /* Debug */ = {
			isa = XCBuildConfiguration;
			buildSettings = {
				CODE_SIGN_ENTITLEMENTS = "";
				CODE_SIGN_STYLE = Automatic;
				DEVELOPMENT_TEAM = L8VFCZLW2Z;
				INFOPLIST_FILE = AnimalGalleryIntentHandler/Info.plist;
				LD_RUNPATH_SEARCH_PATHS = (
					"$(inherited)",
					"@executable_path/Frameworks",
					"@executable_path/../../Frameworks",
				);
				PRODUCT_BUNDLE_IDENTIFIER = shiz.sample.DogGallery.AnimalGalleryIntentHandler;
				PRODUCT_NAME = "$(TARGET_NAME)";
				SKIP_INSTALL = YES;
				SWIFT_VERSION = 5.0;
				TARGETED_DEVICE_FAMILY = "1,2";
			};
			name = Debug;
		};
		D605CC7924B1CADE00C2DA6D /* Release */ = {
			isa = XCBuildConfiguration;
			buildSettings = {
				CODE_SIGN_ENTITLEMENTS = "";
				CODE_SIGN_STYLE = Automatic;
				DEVELOPMENT_TEAM = L8VFCZLW2Z;
				INFOPLIST_FILE = AnimalGalleryIntentHandler/Info.plist;
				LD_RUNPATH_SEARCH_PATHS = (
					"$(inherited)",
					"@executable_path/Frameworks",
					"@executable_path/../../Frameworks",
				);
				PRODUCT_BUNDLE_IDENTIFIER = shiz.sample.DogGallery.AnimalGalleryIntentHandler;
				PRODUCT_NAME = "$(TARGET_NAME)";
				SKIP_INSTALL = YES;
				SWIFT_VERSION = 5.0;
				TARGETED_DEVICE_FAMILY = "1,2";
			};
			name = Release;
		};
		D636CC4D24B06757008B5685 /* Debug */ = {
			isa = XCBuildConfiguration;
			buildSettings = {
				ASSETCATALOG_COMPILER_GLOBAL_ACCENT_COLOR_NAME = AccentColor;
				ASSETCATALOG_COMPILER_WIDGET_BACKGROUND_COLOR_NAME = WidgetBackground;
				CODE_SIGN_STYLE = Automatic;
				DEVELOPMENT_TEAM = L8VFCZLW2Z;
				INFOPLIST_FILE = AnimalGalleryWidget/Info.plist;
				LD_RUNPATH_SEARCH_PATHS = (
					"$(inherited)",
					"@executable_path/Frameworks",
					"@executable_path/../../Frameworks",
				);
				PRODUCT_BUNDLE_IDENTIFIER = shiz.sample.DogGallery.AnimalGalleryWidget;
				PRODUCT_NAME = "$(TARGET_NAME)";
				SKIP_INSTALL = YES;
				SWIFT_VERSION = 5.0;
				TARGETED_DEVICE_FAMILY = "1,2";
			};
			name = Debug;
		};
		D636CC4E24B06757008B5685 /* Release */ = {
			isa = XCBuildConfiguration;
			buildSettings = {
				ASSETCATALOG_COMPILER_GLOBAL_ACCENT_COLOR_NAME = AccentColor;
				ASSETCATALOG_COMPILER_WIDGET_BACKGROUND_COLOR_NAME = WidgetBackground;
				CODE_SIGN_STYLE = Automatic;
				DEVELOPMENT_TEAM = L8VFCZLW2Z;
				INFOPLIST_FILE = AnimalGalleryWidget/Info.plist;
				LD_RUNPATH_SEARCH_PATHS = (
					"$(inherited)",
					"@executable_path/Frameworks",
					"@executable_path/../../Frameworks",
				);
				PRODUCT_BUNDLE_IDENTIFIER = shiz.sample.DogGallery.AnimalGalleryWidget;
				PRODUCT_NAME = "$(TARGET_NAME)";
				SKIP_INSTALL = YES;
				SWIFT_VERSION = 5.0;
				TARGETED_DEVICE_FAMILY = "1,2";
			};
			name = Release;
		};
		D6B2CCB824B00BF100C6B27C /* Debug */ = {
			isa = XCBuildConfiguration;
			buildSettings = {
				ALWAYS_SEARCH_USER_PATHS = NO;
				CLANG_ANALYZER_NONNULL = YES;
				CLANG_ANALYZER_NUMBER_OBJECT_CONVERSION = YES_AGGRESSIVE;
				CLANG_CXX_LANGUAGE_STANDARD = "gnu++14";
				CLANG_CXX_LIBRARY = "libc++";
				CLANG_ENABLE_MODULES = YES;
				CLANG_ENABLE_OBJC_ARC = YES;
				CLANG_ENABLE_OBJC_WEAK = YES;
				CLANG_WARN_BLOCK_CAPTURE_AUTORELEASING = YES;
				CLANG_WARN_BOOL_CONVERSION = YES;
				CLANG_WARN_COMMA = YES;
				CLANG_WARN_CONSTANT_CONVERSION = YES;
				CLANG_WARN_DEPRECATED_OBJC_IMPLEMENTATIONS = YES;
				CLANG_WARN_DIRECT_OBJC_ISA_USAGE = YES_ERROR;
				CLANG_WARN_DOCUMENTATION_COMMENTS = YES;
				CLANG_WARN_EMPTY_BODY = YES;
				CLANG_WARN_ENUM_CONVERSION = YES;
				CLANG_WARN_INFINITE_RECURSION = YES;
				CLANG_WARN_INT_CONVERSION = YES;
				CLANG_WARN_NON_LITERAL_NULL_CONVERSION = YES;
				CLANG_WARN_OBJC_IMPLICIT_RETAIN_SELF = YES;
				CLANG_WARN_OBJC_LITERAL_CONVERSION = YES;
				CLANG_WARN_OBJC_ROOT_CLASS = YES_ERROR;
				CLANG_WARN_QUOTED_INCLUDE_IN_FRAMEWORK_HEADER = YES;
				CLANG_WARN_RANGE_LOOP_ANALYSIS = YES;
				CLANG_WARN_STRICT_PROTOTYPES = YES;
				CLANG_WARN_SUSPICIOUS_MOVE = YES;
				CLANG_WARN_UNGUARDED_AVAILABILITY = YES_AGGRESSIVE;
				CLANG_WARN_UNREACHABLE_CODE = YES;
				CLANG_WARN__DUPLICATE_METHOD_MATCH = YES;
				COPY_PHASE_STRIP = NO;
				DEBUG_INFORMATION_FORMAT = dwarf;
				ENABLE_STRICT_OBJC_MSGSEND = YES;
				ENABLE_TESTABILITY = YES;
				GCC_C_LANGUAGE_STANDARD = gnu11;
				GCC_DYNAMIC_NO_PIC = NO;
				GCC_NO_COMMON_BLOCKS = YES;
				GCC_OPTIMIZATION_LEVEL = 0;
				GCC_PREPROCESSOR_DEFINITIONS = (
					"DEBUG=1",
					"$(inherited)",
				);
				GCC_WARN_64_TO_32_BIT_CONVERSION = YES;
				GCC_WARN_ABOUT_RETURN_TYPE = YES_ERROR;
				GCC_WARN_UNDECLARED_SELECTOR = YES;
				GCC_WARN_UNINITIALIZED_AUTOS = YES_AGGRESSIVE;
				GCC_WARN_UNUSED_FUNCTION = YES;
				GCC_WARN_UNUSED_VARIABLE = YES;
				IPHONEOS_DEPLOYMENT_TARGET = 14.0;
				MTL_ENABLE_DEBUG_INFO = INCLUDE_SOURCE;
				MTL_FAST_MATH = YES;
				ONLY_ACTIVE_ARCH = YES;
				SDKROOT = iphoneos;
				SWIFT_ACTIVE_COMPILATION_CONDITIONS = DEBUG;
				SWIFT_OPTIMIZATION_LEVEL = "-Onone";
			};
			name = Debug;
		};
		D6B2CCB924B00BF100C6B27C /* Release */ = {
			isa = XCBuildConfiguration;
			buildSettings = {
				ALWAYS_SEARCH_USER_PATHS = NO;
				CLANG_ANALYZER_NONNULL = YES;
				CLANG_ANALYZER_NUMBER_OBJECT_CONVERSION = YES_AGGRESSIVE;
				CLANG_CXX_LANGUAGE_STANDARD = "gnu++14";
				CLANG_CXX_LIBRARY = "libc++";
				CLANG_ENABLE_MODULES = YES;
				CLANG_ENABLE_OBJC_ARC = YES;
				CLANG_ENABLE_OBJC_WEAK = YES;
				CLANG_WARN_BLOCK_CAPTURE_AUTORELEASING = YES;
				CLANG_WARN_BOOL_CONVERSION = YES;
				CLANG_WARN_COMMA = YES;
				CLANG_WARN_CONSTANT_CONVERSION = YES;
				CLANG_WARN_DEPRECATED_OBJC_IMPLEMENTATIONS = YES;
				CLANG_WARN_DIRECT_OBJC_ISA_USAGE = YES_ERROR;
				CLANG_WARN_DOCUMENTATION_COMMENTS = YES;
				CLANG_WARN_EMPTY_BODY = YES;
				CLANG_WARN_ENUM_CONVERSION = YES;
				CLANG_WARN_INFINITE_RECURSION = YES;
				CLANG_WARN_INT_CONVERSION = YES;
				CLANG_WARN_NON_LITERAL_NULL_CONVERSION = YES;
				CLANG_WARN_OBJC_IMPLICIT_RETAIN_SELF = YES;
				CLANG_WARN_OBJC_LITERAL_CONVERSION = YES;
				CLANG_WARN_OBJC_ROOT_CLASS = YES_ERROR;
				CLANG_WARN_QUOTED_INCLUDE_IN_FRAMEWORK_HEADER = YES;
				CLANG_WARN_RANGE_LOOP_ANALYSIS = YES;
				CLANG_WARN_STRICT_PROTOTYPES = YES;
				CLANG_WARN_SUSPICIOUS_MOVE = YES;
				CLANG_WARN_UNGUARDED_AVAILABILITY = YES_AGGRESSIVE;
				CLANG_WARN_UNREACHABLE_CODE = YES;
				CLANG_WARN__DUPLICATE_METHOD_MATCH = YES;
				COPY_PHASE_STRIP = NO;
				DEBUG_INFORMATION_FORMAT = "dwarf-with-dsym";
				ENABLE_NS_ASSERTIONS = NO;
				ENABLE_STRICT_OBJC_MSGSEND = YES;
				GCC_C_LANGUAGE_STANDARD = gnu11;
				GCC_NO_COMMON_BLOCKS = YES;
				GCC_WARN_64_TO_32_BIT_CONVERSION = YES;
				GCC_WARN_ABOUT_RETURN_TYPE = YES_ERROR;
				GCC_WARN_UNDECLARED_SELECTOR = YES;
				GCC_WARN_UNINITIALIZED_AUTOS = YES_AGGRESSIVE;
				GCC_WARN_UNUSED_FUNCTION = YES;
				GCC_WARN_UNUSED_VARIABLE = YES;
				IPHONEOS_DEPLOYMENT_TARGET = 14.0;
				MTL_ENABLE_DEBUG_INFO = NO;
				MTL_FAST_MATH = YES;
				SDKROOT = iphoneos;
				SWIFT_COMPILATION_MODE = wholemodule;
				SWIFT_OPTIMIZATION_LEVEL = "-O";
				VALIDATE_PRODUCT = YES;
			};
			name = Release;
		};
		D6B2CCBB24B00BF100C6B27C /* Debug */ = {
			isa = XCBuildConfiguration;
			buildSettings = {
				ALWAYS_EMBED_SWIFT_STANDARD_LIBRARIES = YES;
				ASSETCATALOG_COMPILER_APPICON_NAME = AppIcon;
				ASSETCATALOG_COMPILER_GLOBAL_ACCENT_COLOR_NAME = AccentColor;
				CODE_SIGN_STYLE = Automatic;
				DEVELOPMENT_ASSET_PATHS = "\"DogGallery/Preview Content\"";
				DEVELOPMENT_TEAM = L8VFCZLW2Z;
				ENABLE_PREVIEWS = YES;
				INFOPLIST_FILE = DogGallery/Info.plist;
				IPHONEOS_DEPLOYMENT_TARGET = 14.0;
				LD_RUNPATH_SEARCH_PATHS = (
					"$(inherited)",
					"@executable_path/Frameworks",
				);
				PRODUCT_BUNDLE_IDENTIFIER = shiz.sample.DogGallery;
				PRODUCT_NAME = "$(TARGET_NAME)";
				SWIFT_VERSION = 5.0;
				TARGETED_DEVICE_FAMILY = "1,2";
			};
			name = Debug;
		};
		D6B2CCBC24B00BF100C6B27C /* Release */ = {
			isa = XCBuildConfiguration;
			buildSettings = {
				ALWAYS_EMBED_SWIFT_STANDARD_LIBRARIES = YES;
				ASSETCATALOG_COMPILER_APPICON_NAME = AppIcon;
				ASSETCATALOG_COMPILER_GLOBAL_ACCENT_COLOR_NAME = AccentColor;
				CODE_SIGN_STYLE = Automatic;
				DEVELOPMENT_ASSET_PATHS = "\"DogGallery/Preview Content\"";
				DEVELOPMENT_TEAM = L8VFCZLW2Z;
				ENABLE_PREVIEWS = YES;
				INFOPLIST_FILE = DogGallery/Info.plist;
				IPHONEOS_DEPLOYMENT_TARGET = 14.0;
				LD_RUNPATH_SEARCH_PATHS = (
					"$(inherited)",
					"@executable_path/Frameworks",
				);
				PRODUCT_BUNDLE_IDENTIFIER = shiz.sample.DogGallery;
				PRODUCT_NAME = "$(TARGET_NAME)";
				SWIFT_VERSION = 5.0;
				TARGETED_DEVICE_FAMILY = "1,2";
			};
			name = Release;
		};
/* End XCBuildConfiguration section */

/* Begin XCConfigurationList section */
		D605CC7A24B1CADE00C2DA6D /* Build configuration list for PBXNativeTarget "AnimalGalleryIntentHandler" */ = {
			isa = XCConfigurationList;
			buildConfigurations = (
				D605CC7824B1CADE00C2DA6D /* Debug */,
				D605CC7924B1CADE00C2DA6D /* Release */,
			);
			defaultConfigurationIsVisible = 0;
			defaultConfigurationName = Release;
		};
		D636CC4C24B06757008B5685 /* Build configuration list for PBXNativeTarget "AnimalGalleryWidgetExtension" */ = {
			isa = XCConfigurationList;
			buildConfigurations = (
				D636CC4D24B06757008B5685 /* Debug */,
				D636CC4E24B06757008B5685 /* Release */,
			);
			defaultConfigurationIsVisible = 0;
			defaultConfigurationName = Release;
		};
		D6B2CCA624B00BF000C6B27C /* Build configuration list for PBXProject "DogGallery" */ = {
			isa = XCConfigurationList;
			buildConfigurations = (
				D6B2CCB824B00BF100C6B27C /* Debug */,
				D6B2CCB924B00BF100C6B27C /* Release */,
			);
			defaultConfigurationIsVisible = 0;
			defaultConfigurationName = Release;
		};
		D6B2CCBA24B00BF100C6B27C /* Build configuration list for PBXNativeTarget "DogGallery" */ = {
			isa = XCConfigurationList;
			buildConfigurations = (
				D6B2CCBB24B00BF100C6B27C /* Debug */,
				D6B2CCBC24B00BF100C6B27C /* Release */,
			);
			defaultConfigurationIsVisible = 0;
			defaultConfigurationName = Release;
		};
/* End XCConfigurationList section */
	};
	rootObject = D6B2CCA324B00BF000C6B27C /* Project object */;
}
